// !$*UTF8*$!
{
	archiveVersion = 1;
	classes = {
	};
	objectVersion = 77;
	objects = {

/* Begin PBXBuildFile section */
		DD808EB22F694B2A00F4956A /* ContentView.swift in Sources */ = {isa = PBXBuildFile; fileRef = DD808EAF2F694B2A00F4956A /* ContentView.swift */; };
		DD808EB32F694B2A00F4956A /* Dozy_AIApp.swift in Sources */ = {isa = PBXBuildFile; fileRef = DD808EB02F694B2A00F4956A /* Dozy_AIApp.swift */; };
		DD808EB42F694B2A00F4956A /* Assets.xcassets in Resources */ = {isa = PBXBuildFile; fileRef = DD808EAE2F694B2A00F4956A /* Assets.xcassets */; };
		DD808EB72F694B2C00F4956A /* Dozy_AITests.swift in Sources */ = {isa = PBXBuildFile; fileRef = DD808EB52F694B2C00F4956A /* Dozy_AITests.swift */; };
		DD808EBB2F694B2F00F4956A /* Dozy_AIUITests.swift in Sources */ = {isa = PBXBuildFile; fileRef = DD808EB82F694B2F00F4956A /* Dozy_AIUITests.swift */; };
		DD808EBC2F694B2F00F4956A /* Dozy_AIUITestsLaunchTests.swift in Sources */ = {isa = PBXBuildFile; fileRef = DD808EB92F694B2F00F4956A /* Dozy_AIUITestsLaunchTests.swift */; };
		DD808EC52F694BFD00F4956A /* PermissionManager.swift in Sources */ = {isa = PBXBuildFile; fileRef = DD808EC42F694BFD00F4956A /* PermissionManager.swift */; };
		DD808EC82F694C1500F4956A /* Date+Ext.swift in Sources */ = {isa = PBXBuildFile; fileRef = DD808EC72F694C1500F4956A /* Date+Ext.swift */; };
		DD808ECB2F694C2F00F4956A /* TaskProvider.swift in Sources */ = {isa = PBXBuildFile; fileRef = DD808ECA2F694C2F00F4956A /* TaskProvider.swift */; };
		DD808ECE2F694C4400F4956A /* WorkContext.swift in Sources */ = {isa = PBXBuildFile; fileRef = DD808ECD2F694C4400F4956A /* WorkContext.swift */; };
		DD808ED12F694C5D00F4956A /* WorkItemRow.swift in Sources */ = {isa = PBXBuildFile; fileRef = DD808ED02F694C5D00F4956A /* WorkItemRow.swift */; };
		DD808ED42F694C6F00F4956A /* HomeView.swift in Sources */ = {isa = PBXBuildFile; fileRef = DD808ED32F694C6F00F4956A /* HomeView.swift */; };
		DD808ED62F694C7800F4956A /* HomeViewModel.swift in Sources */ = {isa = PBXBuildFile; fileRef = DD808ED52F694C7800F4956A /* HomeViewModel.swift */; };
/* End PBXBuildFile section */

/* Begin PBXContainerItemProxy section */
		DD808E922F694B2200F4956A /* PBXContainerItemProxy */ = {
			isa = PBXContainerItemProxy;
			containerPortal = DD808E7C2F694B2100F4956A /* Project object */;
			proxyType = 1;
			remoteGlobalIDString = DD808E832F694B2100F4956A;
			remoteInfo = "Dozy AI";
		};
		DD808E9C2F694B2200F4956A /* PBXContainerItemProxy */ = {
			isa = PBXContainerItemProxy;
			containerPortal = DD808E7C2F694B2100F4956A /* Project object */;
			proxyType = 1;
			remoteGlobalIDString = DD808E832F694B2100F4956A;
			remoteInfo = "Dozy AI";
		};
/* End PBXContainerItemProxy section */

/* Begin PBXFileReference section */
		DD808E842F694B2100F4956A /* Dozy AI.app */ = {isa = PBXFileReference; explicitFileType = wrapper.application; includeInIndex = 0; path = "Dozy AI.app"; sourceTree = BUILT_PRODUCTS_DIR; };
		DD808E912F694B2200F4956A /* Dozy AITests.xctest */ = {isa = PBXFileReference; explicitFileType = wrapper.cfbundle; includeInIndex = 0; path = "Dozy AITests.xctest"; sourceTree = BUILT_PRODUCTS_DIR; };
		DD808E9B2F694B2200F4956A /* Dozy AIUITests.xctest */ = {isa = PBXFileReference; explicitFileType = wrapper.cfbundle; includeInIndex = 0; path = "Dozy AIUITests.xctest"; sourceTree = BUILT_PRODUCTS_DIR; };
		DD808EAE2F694B2A00F4956A /* Assets.xcassets */ = {isa = PBXFileReference; lastKnownFileType = folder.assetcatalog; path = Assets.xcassets; sourceTree = "<group>"; };
		DD808EAF2F694B2A00F4956A /* ContentView.swift */ = {isa = PBXFileReference; lastKnownFileType = sourcecode.swift; path = ContentView.swift; sourceTree = "<group>"; };
		DD808EB02F694B2A00F4956A /* Dozy_AIApp.swift */ = {isa = PBXFileReference; lastKnownFileType = sourcecode.swift; path = Dozy_AIApp.swift; sourceTree = "<group>"; };
		DD808EB52F694B2C00F4956A /* Dozy_AITests.swift */ = {isa = PBXFileReference; lastKnownFileType = sourcecode.swift; path = Dozy_AITests.swift; sourceTree = "<group>"; };
		DD808EB82F694B2F00F4956A /* Dozy_AIUITests.swift */ = {isa = PBXFileReference; lastKnownFileType = sourcecode.swift; path = Dozy_AIUITests.swift; sourceTree = "<group>"; };
		DD808EB92F694B2F00F4956A /* Dozy_AIUITestsLaunchTests.swift */ = {isa = PBXFileReference; lastKnownFileType = sourcecode.swift; path = Dozy_AIUITestsLaunchTests.swift; sourceTree = "<group>"; };
		DD808EC42F694BFD00F4956A /* PermissionManager.swift */ = {isa = PBXFileReference; lastKnownFileType = sourcecode.swift; path = PermissionManager.swift; sourceTree = "<group>"; };
		DD808EC72F694C1500F4956A /* Date+Ext.swift */ = {isa = PBXFileReference; lastKnownFileType = sourcecode.swift; path = "Date+Ext.swift"; sourceTree = "<group>"; };
		DD808ECA2F694C2F00F4956A /* TaskProvider.swift */ = {isa = PBXFileReference; lastKnownFileType = sourcecode.swift; path = TaskProvider.swift; sourceTree = "<group>"; };
		DD808ECD2F694C4400F4956A /* WorkContext.swift */ = {isa = PBXFileReference; lastKnownFileType = sourcecode.swift; path = WorkContext.swift; sourceTree = "<group>"; };
		DD808ED02F694C5D00F4956A /* WorkItemRow.swift */ = {isa = PBXFileReference; lastKnownFileType = sourcecode.swift; path = WorkItemRow.swift; sourceTree = "<group>"; };
		DD808ED32F694C6F00F4956A /* HomeView.swift */ = {isa = PBXFileReference; lastKnownFileType = sourcecode.swift; path = HomeView.swift; sourceTree = "<group>"; };
		DD808ED52F694C7800F4956A /* HomeViewModel.swift */ = {isa = PBXFileReference; lastKnownFileType = sourcecode.swift; path = HomeViewModel.swift; sourceTree = "<group>"; };
/* End PBXFileReference section */

/* Begin PBXFrameworksBuildPhase section */
		DD808E812F694B2100F4956A /* Frameworks */ = {
			isa = PBXFrameworksBuildPhase;
			buildActionMask = 2147483647;
			files = (
			);
			runOnlyForDeploymentPostprocessing = 0;
		};
		DD808E8E2F694B2200F4956A /* Frameworks */ = {
			isa = PBXFrameworksBuildPhase;
			buildActionMask = 2147483647;
			files = (
			);
			runOnlyForDeploymentPostprocessing = 0;
		};
		DD808E982F694B2200F4956A /* Frameworks */ = {
			isa = PBXFrameworksBuildPhase;
			buildActionMask = 2147483647;
			files = (
			);
			runOnlyForDeploymentPostprocessing = 0;
		};
/* End PBXFrameworksBuildPhase section */

/* Begin PBXGroup section */
		DD808E7B2F694B2100F4956A = {
			isa = PBXGroup;
			children = (
				DD808EB12F694B2A00F4956A /* Dozy AI */,
				DD808EB62F694B2C00F4956A /* Dozy AITests */,
				DD808EBA2F694B2F00F4956A /* Dozy AIUITests */,
				DD808E852F694B2100F4956A /* Products */,
			);
			sourceTree = "<group>";
		};
		DD808E852F694B2100F4956A /* Products */ = {
			isa = PBXGroup;
			children = (
				DD808E842F694B2100F4956A /* Dozy AI.app */,
				DD808E912F694B2200F4956A /* Dozy AITests.xctest */,
				DD808E9B2F694B2200F4956A /* Dozy AIUITests.xctest */,
			);
			name = Products;
			sourceTree = "<group>";
		};
		DD808EB12F694B2A00F4956A /* Dozy AI */ = {
			isa = PBXGroup;
			children = (
				DD808EC22F694BDC00F4956A /* App */,
				DD808EC12F694BD700F4956A /* Core */,
				DD808EC02F694BD300F4956A /* Data */,
				DD808EBF2F694BCD00F4956A /* Domain */,
				DD808EBE2F694BC600F4956A /* Presentation */,
				DD808EBD2F694BBB00F4956A /* Resources */,
				DD808EAE2F694B2A00F4956A /* Assets.xcassets */,
				DD808EAF2F694B2A00F4956A /* ContentView.swift */,
			);
			path = "Dozy AI";
			sourceTree = "<group>";
		};
		DD808EB62F694B2C00F4956A /* Dozy AITests */ = {
			isa = PBXGroup;
			children = (
				DD808EB52F694B2C00F4956A /* Dozy_AITests.swift */,
			);
			path = "Dozy AITests";
			sourceTree = "<group>";
		};
		DD808EBA2F694B2F00F4956A /* Dozy AIUITests */ = {
			isa = PBXGroup;
			children = (
				DD808EB82F694B2F00F4956A /* Dozy_AIUITests.swift */,
				DD808EB92F694B2F00F4956A /* Dozy_AIUITestsLaunchTests.swift */,
			);
			path = "Dozy AIUITests";
			sourceTree = "<group>";
		};
		DD808EBD2F694BBB00F4956A /* Resources */ = {
			isa = PBXGroup;
			children = (
			);
			path = Resources;
			sourceTree = "<group>";
		};
		DD808EBE2F694BC600F4956A /* Presentation */ = {
			isa = PBXGroup;
			children = (
				DD808ED22F694C6000F4956A /* Home */,
				DD808ECF2F694C4800F4956A /* Components */,
			);
			path = Presentation;
			sourceTree = "<group>";
		};
		DD808EBF2F694BCD00F4956A /* Domain */ = {
			isa = PBXGroup;
			children = (
				DD808ECC2F694C3500F4956A /* Models */,
			);
			path = Domain;
			sourceTree = "<group>";
		};
		DD808EC02F694BD300F4956A /* Data */ = {
			isa = PBXGroup;
			children = (
				DD808EC92F694C2100F4956A /* Providers */,
			);
			path = Data;
			sourceTree = "<group>";
		};
		DD808EC12F694BD700F4956A /* Core */ = {
			isa = PBXGroup;
			children = (
				DD808EC32F694BEB00F4956A /* Utils */,
				DD808EC62F694C0300F4956A /* Extensions */,
			);
			path = Core;
			sourceTree = "<group>";
		};
		DD808EC22F694BDC00F4956A /* App */ = {
			isa = PBXGroup;
			children = (
				DD808EB02F694B2A00F4956A /* Dozy_AIApp.swift */,
			);
			path = App;
			sourceTree = "<group>";
		};
		DD808EC32F694BEB00F4956A /* Utils */ = {
			isa = PBXGroup;
			children = (
				DD808EC42F694BFD00F4956A /* PermissionManager.swift */,
			);
			path = Utils;
			sourceTree = "<group>";
		};
		DD808EC62F694C0300F4956A /* Extensions */ = {
			isa = PBXGroup;
			children = (
				DD808EC72F694C1500F4956A /* Date+Ext.swift */,
			);
			path = Extensions;
			sourceTree = "<group>";
		};
		DD808EC92F694C2100F4956A /* Providers */ = {
			isa = PBXGroup;
			children = (
				DD808ECA2F694C2F00F4956A /* TaskProvider.swift */,
			);
			path = Providers;
			sourceTree = "<group>";
		};
		DD808ECC2F694C3500F4956A /* Models */ = {
			isa = PBXGroup;
			children = (
				DD808ECD2F694C4400F4956A /* WorkContext.swift */,
			);
			path = Models;
			sourceTree = "<group>";
		};
		DD808ECF2F694C4800F4956A /* Components */ = {
			isa = PBXGroup;
			children = (
				DD808ED02F694C5D00F4956A /* WorkItemRow.swift */,
			);
			path = Components;
			sourceTree = "<group>";
		};
		DD808ED22F694C6000F4956A /* Home */ = {
			isa = PBXGroup;
			children = (
				DD808ED32F694C6F00F4956A /* HomeView.swift */,
				DD808ED52F694C7800F4956A /* HomeViewModel.swift */,
			);
			path = Home;
			sourceTree = "<group>";
		};
/* End PBXGroup section */

/* Begin PBXNativeTarget section */
		DD808E832F694B2100F4956A /* Dozy AI */ = {
			isa = PBXNativeTarget;
			buildConfigurationList = DD808EA52F694B2200F4956A /* Build configuration list for PBXNativeTarget "Dozy AI" */;
			buildPhases = (
				DD808E802F694B2100F4956A /* Sources */,
				DD808E812F694B2100F4956A /* Frameworks */,
				DD808E822F694B2100F4956A /* Resources */,
			);
			buildRules = (
			);
			dependencies = (
			);
			name = "Dozy AI";
			packageProductDependencies = (
			);
			productName = "Dozy AI";
			productReference = DD808E842F694B2100F4956A /* Dozy AI.app */;
			productType = "com.apple.product-type.application";
		};
		DD808E902F694B2200F4956A /* Dozy AITests */ = {
			isa = PBXNativeTarget;
			buildConfigurationList = DD808EA82F694B2200F4956A /* Build configuration list for PBXNativeTarget "Dozy AITests" */;
			buildPhases = (
				DD808E8D2F694B2200F4956A /* Sources */,
				DD808E8E2F694B2200F4956A /* Frameworks */,
				DD808E8F2F694B2200F4956A /* Resources */,
			);
			buildRules = (
			);
			dependencies = (
				DD808E932F694B2200F4956A /* PBXTargetDependency */,
			);
			name = "Dozy AITests";
			packageProductDependencies = (
			);
			productName = "Dozy AITests";
			productReference = DD808E912F694B2200F4956A /* Dozy AITests.xctest */;
			productType = "com.apple.product-type.bundle.unit-test";
		};
		DD808E9A2F694B2200F4956A /* Dozy AIUITests */ = {
			isa = PBXNativeTarget;
			buildConfigurationList = DD808EAB2F694B2200F4956A /* Build configuration list for PBXNativeTarget "Dozy AIUITests" */;
			buildPhases = (
				DD808E972F694B2200F4956A /* Sources */,
				DD808E982F694B2200F4956A /* Frameworks */,
				DD808E992F694B2200F4956A /* Resources */,
			);
			buildRules = (
			);
			dependencies = (
				DD808E9D2F694B2200F4956A /* PBXTargetDependency */,
			);
			name = "Dozy AIUITests";
			packageProductDependencies = (
			);
			productName = "Dozy AIUITests";
			productReference = DD808E9B2F694B2200F4956A /* Dozy AIUITests.xctest */;
			productType = "com.apple.product-type.bundle.ui-testing";
		};
/* End PBXNativeTarget section */

/* Begin PBXProject section */
		DD808E7C2F694B2100F4956A /* Project object */ = {
			isa = PBXProject;
			attributes = {
				BuildIndependentTargetsInParallel = 1;
				LastSwiftUpdateCheck = 2610;
				LastUpgradeCheck = 2610;
				TargetAttributes = {
					DD808E832F694B2100F4956A = {
						CreatedOnToolsVersion = 26.1.1;
					};
					DD808E902F694B2200F4956A = {
						CreatedOnToolsVersion = 26.1.1;
						TestTargetID = DD808E832F694B2100F4956A;
					};
					DD808E9A2F694B2200F4956A = {
						CreatedOnToolsVersion = 26.1.1;
						TestTargetID = DD808E832F694B2100F4956A;
					};
				};
			};
			buildConfigurationList = DD808E7F2F694B2100F4956A /* Build configuration list for PBXProject "Dozy AI" */;
			developmentRegion = en;
			hasScannedForEncodings = 0;
			knownRegions = (
				en,
				Base,
			);
			mainGroup = DD808E7B2F694B2100F4956A;
			minimizedProjectReferenceProxies = 1;
			preferredProjectObjectVersion = 77;
			productRefGroup = DD808E852F694B2100F4956A /* Products */;
			projectDirPath = "";
			projectRoot = "";
			targets = (
				DD808E832F694B2100F4956A /* Dozy AI */,
				DD808E902F694B2200F4956A /* Dozy AITests */,
				DD808E9A2F694B2200F4956A /* Dozy AIUITests */,
			);
		};
/* End PBXProject section */

/* Begin PBXResourcesBuildPhase section */
		DD808E822F694B2100F4956A /* Resources */ = {
			isa = PBXResourcesBuildPhase;
			buildActionMask = 2147483647;
			files = (
				DD808EB42F694B2A00F4956A /* Assets.xcassets in Resources */,
			);
			runOnlyForDeploymentPostprocessing = 0;
		};
		DD808E8F2F694B2200F4956A /* Resources */ = {
			isa = PBXResourcesBuildPhase;
			buildActionMask = 2147483647;
			files = (
			);
			runOnlyForDeploymentPostprocessing = 0;
		};
		DD808E992F694B2200F4956A /* Resources */ = {
			isa = PBXResourcesBuildPhase;
			buildActionMask = 2147483647;
			files = (
			);
			runOnlyForDeploymentPostprocessing = 0;
		};
/* End PBXResourcesBuildPhase section */

/* Begin PBXSourcesBuildPhase section */
		DD808E802F694B2100F4956A /* Sources */ = {
			isa = PBXSourcesBuildPhase;
			buildActionMask = 2147483647;
			files = (
				DD808ED12F694C5D00F4956A /* WorkItemRow.swift in Sources */,
				DD808ED62F694C7800F4956A /* HomeViewModel.swift in Sources */,
				DD808ECB2F694C2F00F4956A /* TaskProvider.swift in Sources */,
				DD808EB22F694B2A00F4956A /* ContentView.swift in Sources */,
				DD808ECE2F694C4400F4956A /* WorkContext.swift in Sources */,
				DD808EB32F694B2A00F4956A /* Dozy_AIApp.swift in Sources */,
				DD808ED42F694C6F00F4956A /* HomeView.swift in Sources */,
				DD808EC52F694BFD00F4956A /* PermissionManager.swift in Sources */,
				DD808EC82F694C1500F4956A /* Date+Ext.swift in Sources */,
			);
			runOnlyForDeploymentPostprocessing = 0;
		};
		DD808E8D2F694B2200F4956A /* Sources */ = {
			isa = PBXSourcesBuildPhase;
			buildActionMask = 2147483647;
			files = (
				DD808EB72F694B2C00F4956A /* Dozy_AITests.swift in Sources */,
			);
			runOnlyForDeploymentPostprocessing = 0;
		};
		DD808E972F694B2200F4956A /* Sources */ = {
			isa = PBXSourcesBuildPhase;
			buildActionMask = 2147483647;
			files = (
				DD808EBB2F694B2F00F4956A /* Dozy_AIUITests.swift in Sources */,
				DD808EBC2F694B2F00F4956A /* Dozy_AIUITestsLaunchTests.swift in Sources */,
			);
			runOnlyForDeploymentPostprocessing = 0;
		};
/* End PBXSourcesBuildPhase section */

/* Begin PBXTargetDependency section */
		DD808E932F694B2200F4956A /* PBXTargetDependency */ = {
			isa = PBXTargetDependency;
			target = DD808E832F694B2100F4956A /* Dozy AI */;
			targetProxy = DD808E922F694B2200F4956A /* PBXContainerItemProxy */;
		};
		DD808E9D2F694B2200F4956A /* PBXTargetDependency */ = {
			isa = PBXTargetDependency;
			target = DD808E832F694B2100F4956A /* Dozy AI */;
			targetProxy = DD808E9C2F694B2200F4956A /* PBXContainerItemProxy */;
		};
/* End PBXTargetDependency section */

/* Begin XCBuildConfiguration section */
		DD808EA32F694B2200F4956A /* Debug */ = {
			isa = XCBuildConfiguration;
			buildSettings = {
				ALWAYS_SEARCH_USER_PATHS = NO;
				ASSETCATALOG_COMPILER_GENERATE_SWIFT_ASSET_SYMBOL_EXTENSIONS = YES;
				CLANG_ANALYZER_NONNULL = YES;
				CLANG_ANALYZER_NUMBER_OBJECT_CONVERSION = YES_AGGRESSIVE;
				CLANG_CXX_LANGUAGE_STANDARD = "gnu++20";
				CLANG_ENABLE_MODULES = YES;
				CLANG_ENABLE_OBJC_ARC = YES;
				CLANG_ENABLE_OBJC_WEAK = YES;
				CLANG_WARN_BLOCK_CAPTURE_AUTORELEASING = YES;
				CLANG_WARN_BOOL_CONVERSION = YES;
				CLANG_WARN_COMMA = YES;
				CLANG_WARN_CONSTANT_CONVERSION = YES;
				CLANG_WARN_DEPRECATED_OBJC_IMPLEMENTATIONS = YES;
				CLANG_WARN_DIRECT_OBJC_ISA_USAGE = YES_ERROR;
				CLANG_WARN_DOCUMENTATION_COMMENTS = YES;
				CLANG_WARN_EMPTY_BODY = YES;
				CLANG_WARN_ENUM_CONVERSION = YES;
				CLANG_WARN_INFINITE_RECURSION = YES;
				CLANG_WARN_INT_CONVERSION = YES;
				CLANG_WARN_NON_LITERAL_NULL_CONVERSION = YES;
				CLANG_WARN_OBJC_IMPLICIT_RETAIN_SELF = YES;
				CLANG_WARN_OBJC_LITERAL_CONVERSION = YES;
				CLANG_WARN_OBJC_ROOT_CLASS = YES_ERROR;
				CLANG_WARN_QUOTED_INCLUDE_IN_FRAMEWORK_HEADER = YES;
				CLANG_WARN_RANGE_LOOP_ANALYSIS = YES;
				CLANG_WARN_STRICT_PROTOTYPES = YES;
				CLANG_WARN_SUSPICIOUS_MOVE = YES;
				CLANG_WARN_UNGUARDED_AVAILABILITY = YES_AGGRESSIVE;
				CLANG_WARN_UNREACHABLE_CODE = YES;
				CLANG_WARN__DUPLICATE_METHOD_MATCH = YES;
				COPY_PHASE_STRIP = NO;
				DEBUG_INFORMATION_FORMAT = dwarf;
				DEVELOPMENT_TEAM = 7DVWGZFH6N;
				ENABLE_STRICT_OBJC_MSGSEND = YES;
				ENABLE_TESTABILITY = YES;
				ENABLE_USER_SCRIPT_SANDBOXING = YES;
				GCC_C_LANGUAGE_STANDARD = gnu17;
				GCC_DYNAMIC_NO_PIC = NO;
				GCC_NO_COMMON_BLOCKS = YES;
				GCC_OPTIMIZATION_LEVEL = 0;
				GCC_PREPROCESSOR_DEFINITIONS = (
					"DEBUG=1",
					"$(inherited)",
				);
				GCC_WARN_64_TO_32_BIT_CONVERSION = YES;
				GCC_WARN_ABOUT_RETURN_TYPE = YES_ERROR;
				GCC_WARN_UNDECLARED_SELECTOR = YES;
				GCC_WARN_UNINITIALIZED_AUTOS = YES_AGGRESSIVE;
				GCC_WARN_UNUSED_FUNCTION = YES;
				GCC_WARN_UNUSED_VARIABLE = YES;
				IPHONEOS_DEPLOYMENT_TARGET = 26.1;
				LOCALIZATION_PREFERS_STRING_CATALOGS = YES;
				MTL_ENABLE_DEBUG_INFO = INCLUDE_SOURCE;
				MTL_FAST_MATH = YES;
				ONLY_ACTIVE_ARCH = YES;
				SDKROOT = iphoneos;
				SWIFT_ACTIVE_COMPILATION_CONDITIONS = "DEBUG $(inherited)";
				SWIFT_OPTIMIZATION_LEVEL = "-Onone";
			};
			name = Debug;
		};
		DD808EA42F694B2200F4956A /* Release */ = {
			isa = XCBuildConfiguration;
			buildSettings = {
				ALWAYS_SEARCH_USER_PATHS = NO;
				ASSETCATALOG_COMPILER_GENERATE_SWIFT_ASSET_SYMBOL_EXTENSIONS = YES;
				CLANG_ANALYZER_NONNULL = YES;
				CLANG_ANALYZER_NUMBER_OBJECT_CONVERSION = YES_AGGRESSIVE;
				CLANG_CXX_LANGUAGE_STANDARD = "gnu++20";
				CLANG_ENABLE_MODULES = YES;
				CLANG_ENABLE_OBJC_ARC = YES;
				CLANG_ENABLE_OBJC_WEAK = YES;
				CLANG_WARN_BLOCK_CAPTURE_AUTORELEASING = YES;
				CLANG_WARN_BOOL_CONVERSION = YES;
				CLANG_WARN_COMMA = YES;
				CLANG_WARN_CONSTANT_CONVERSION = YES;
				CLANG_WARN_DEPRECATED_OBJC_IMPLEMENTATIONS = YES;
				CLANG_WARN_DIRECT_OBJC_ISA_USAGE = YES_ERROR;
				CLANG_WARN_DOCUMENTATION_COMMENTS = YES;
				CLANG_WARN_EMPTY_BODY = YES;
				CLANG_WARN_ENUM_CONVERSION = YES;
				CLANG_WARN_INFINITE_RECURSION = YES;
				CLANG_WARN_INT_CONVERSION = YES;
				CLANG_WARN_NON_LITERAL_NULL_CONVERSION = YES;
				CLANG_WARN_OBJC_IMPLICIT_RETAIN_SELF = YES;
				CLANG_WARN_OBJC_LITERAL_CONVERSION = YES;
				CLANG_WARN_OBJC_ROOT_CLASS = YES_ERROR;
				CLANG_WARN_QUOTED_INCLUDE_IN_FRAMEWORK_HEADER = YES;
				CLANG_WARN_RANGE_LOOP_ANALYSIS = YES;
				CLANG_WARN_STRICT_PROTOTYPES = YES;
				CLANG_WARN_SUSPICIOUS_MOVE = YES;
				CLANG_WARN_UNGUARDED_AVAILABILITY = YES_AGGRESSIVE;
				CLANG_WARN_UNREACHABLE_CODE = YES;
				CLANG_WARN__DUPLICATE_METHOD_MATCH = YES;
				COPY_PHASE_STRIP = NO;
				DEBUG_INFORMATION_FORMAT = "dwarf-with-dsym";
				DEVELOPMENT_TEAM = 7DVWGZFH6N;
				ENABLE_NS_ASSERTIONS = NO;
				ENABLE_STRICT_OBJC_MSGSEND = YES;
				ENABLE_USER_SCRIPT_SANDBOXING = YES;
				GCC_C_LANGUAGE_STANDARD = gnu17;
				GCC_NO_COMMON_BLOCKS = YES;
				GCC_WARN_64_TO_32_BIT_CONVERSION = YES;
				GCC_WARN_ABOUT_RETURN_TYPE = YES_ERROR;
				GCC_WARN_UNDECLARED_SELECTOR = YES;
				GCC_WARN_UNINITIALIZED_AUTOS = YES_AGGRESSIVE;
				GCC_WARN_UNUSED_FUNCTION = YES;
				GCC_WARN_UNUSED_VARIABLE = YES;
				IPHONEOS_DEPLOYMENT_TARGET = 26.1;
				LOCALIZATION_PREFERS_STRING_CATALOGS = YES;
				MTL_ENABLE_DEBUG_INFO = NO;
				MTL_FAST_MATH = YES;
				SDKROOT = iphoneos;
				SWIFT_COMPILATION_MODE = wholemodule;
				VALIDATE_PRODUCT = YES;
			};
			name = Release;
		};
		DD808EA62F694B2200F4956A /* Debug */ = {
			isa = XCBuildConfiguration;
			buildSettings = {
				ASSETCATALOG_COMPILER_APPICON_NAME = AppIcon;
				ASSETCATALOG_COMPILER_GLOBAL_ACCENT_COLOR_NAME = AccentColor;
				CODE_SIGN_STYLE = Automatic;
				CURRENT_PROJECT_VERSION = 1;
				DEVELOPMENT_TEAM = 7DVWGZFH6N;
				ENABLE_PREVIEWS = YES;
				GENERATE_INFOPLIST_FILE = YES;
				INFOPLIST_KEY_UIApplicationSceneManifest_Generation = YES;
				INFOPLIST_KEY_UIApplicationSupportsIndirectInputEvents = YES;
				INFOPLIST_KEY_UILaunchScreen_Generation = YES;
				INFOPLIST_KEY_UISupportedInterfaceOrientations_iPad = "UIInterfaceOrientationPortrait UIInterfaceOrientationPortraitUpsideDown UIInterfaceOrientationLandscapeLeft UIInterfaceOrientationLandscapeRight";
				INFOPLIST_KEY_UISupportedInterfaceOrientations_iPhone = "UIInterfaceOrientationPortrait UIInterfaceOrientationLandscapeLeft UIInterfaceOrientationLandscapeRight";
				LD_RUNPATH_SEARCH_PATHS = (
					"$(inherited)",
					"@executable_path/Frameworks",
				);
				MARKETING_VERSION = 1.0;
				PRODUCT_BUNDLE_IDENTIFIER = "com.dozy-ai.Dozy-AI";
				PRODUCT_NAME = "$(TARGET_NAME)";
				STRING_CATALOG_GENERATE_SYMBOLS = YES;
				SWIFT_APPROACHABLE_CONCURRENCY = YES;
				SWIFT_DEFAULT_ACTOR_ISOLATION = MainActor;
				SWIFT_EMIT_LOC_STRINGS = YES;
				SWIFT_UPCOMING_FEATURE_MEMBER_IMPORT_VISIBILITY = YES;
				SWIFT_VERSION = 5.0;
				TARGETED_DEVICE_FAMILY = "1,2";
			};
			name = Debug;
		};
		DD808EA72F694B2200F4956A /* Release */ = {
			isa = XCBuildConfiguration;
			buildSettings = {
				ASSETCATALOG_COMPILER_APPICON_NAME = AppIcon;
				ASSETCATALOG_COMPILER_GLOBAL_ACCENT_COLOR_NAME = AccentColor;
				CODE_SIGN_STYLE = Automatic;
				CURRENT_PROJECT_VERSION = 1;
				DEVELOPMENT_TEAM = 7DVWGZFH6N;
				ENABLE_PREVIEWS = YES;
				GENERATE_INFOPLIST_FILE = YES;
				INFOPLIST_KEY_UIApplicationSceneManifest_Generation = YES;
				INFOPLIST_KEY_UIApplicationSupportsIndirectInputEvents = YES;
				INFOPLIST_KEY_UILaunchScreen_Generation = YES;
				INFOPLIST_KEY_UISupportedInterfaceOrientations_iPad = "UIInterfaceOrientationPortrait UIInterfaceOrientationPortraitUpsideDown UIInterfaceOrientationLandscapeLeft UIInterfaceOrientationLandscapeRight";
				INFOPLIST_KEY_UISupportedInterfaceOrientations_iPhone = "UIInterfaceOrientationPortrait UIInterfaceOrientationLandscapeLeft UIInterfaceOrientationLandscapeRight";
				LD_RUNPATH_SEARCH_PATHS = (
					"$(inherited)",
					"@executable_path/Frameworks",
				);
				MARKETING_VERSION = 1.0;
				PRODUCT_BUNDLE_IDENTIFIER = "com.dozy-ai.Dozy-AI";
				PRODUCT_NAME = "$(TARGET_NAME)";
				STRING_CATALOG_GENERATE_SYMBOLS = YES;
				SWIFT_APPROACHABLE_CONCURRENCY = YES;
				SWIFT_DEFAULT_ACTOR_ISOLATION = MainActor;
				SWIFT_EMIT_LOC_STRINGS = YES;
				SWIFT_UPCOMING_FEATURE_MEMBER_IMPORT_VISIBILITY = YES;
				SWIFT_VERSION = 5.0;
				TARGETED_DEVICE_FAMILY = "1,2";
			};
			name = Release;
		};
		DD808EA92F694B2200F4956A /* Debug */ = {
			isa = XCBuildConfiguration;
			buildSettings = {
				BUNDLE_LOADER = "$(TEST_HOST)";
				CODE_SIGN_STYLE = Automatic;
				CURRENT_PROJECT_VERSION = 1;
				DEVELOPMENT_TEAM = 7DVWGZFH6N;
				GENERATE_INFOPLIST_FILE = YES;
				IPHONEOS_DEPLOYMENT_TARGET = 26.1;
				MARKETING_VERSION = 1.0;
				PRODUCT_BUNDLE_IDENTIFIER = "com.dozy-ai.Dozy-AITests";
				PRODUCT_NAME = "$(TARGET_NAME)";
				STRING_CATALOG_GENERATE_SYMBOLS = NO;
				SWIFT_APPROACHABLE_CONCURRENCY = YES;
				SWIFT_EMIT_LOC_STRINGS = NO;
				SWIFT_UPCOMING_FEATURE_MEMBER_IMPORT_VISIBILITY = YES;
				SWIFT_VERSION = 5.0;
				TARGETED_DEVICE_FAMILY = "1,2";
				TEST_HOST = "$(BUILT_PRODUCTS_DIR)/Dozy AI.app/$(BUNDLE_EXECUTABLE_FOLDER_PATH)/Dozy AI";
			};
			name = Debug;
		};
		DD808EAA2F694B2200F4956A /* Release */ = {
			isa = XCBuildConfiguration;
			buildSettings = {
				BUNDLE_LOADER = "$(TEST_HOST)";
				CODE_SIGN_STYLE = Automatic;
				CURRENT_PROJECT_VERSION = 1;
				DEVELOPMENT_TEAM = 7DVWGZFH6N;
				GENERATE_INFOPLIST_FILE = YES;
				IPHONEOS_DEPLOYMENT_TARGET = 26.1;
				MARKETING_VERSION = 1.0;
				PRODUCT_BUNDLE_IDENTIFIER = "com.dozy-ai.Dozy-AITests";
				PRODUCT_NAME = "$(TARGET_NAME)";
				STRING_CATALOG_GENERATE_SYMBOLS = NO;
				SWIFT_APPROACHABLE_CONCURRENCY = YES;
				SWIFT_EMIT_LOC_STRINGS = NO;
				SWIFT_UPCOMING_FEATURE_MEMBER_IMPORT_VISIBILITY = YES;
				SWIFT_VERSION = 5.0;
				TARGETED_DEVICE_FAMILY = "1,2";
				TEST_HOST = "$(BUILT_PRODUCTS_DIR)/Dozy AI.app/$(BUNDLE_EXECUTABLE_FOLDER_PATH)/Dozy AI";
			};
			name = Release;
		};
		DD808EAC2F694B2200F4956A /* Debug */ = {
			isa = XCBuildConfiguration;
			buildSettings = {
				CODE_SIGN_STYLE = Automatic;
				CURRENT_PROJECT_VERSION = 1;
				DEVELOPMENT_TEAM = 7DVWGZFH6N;
				GENERATE_INFOPLIST_FILE = YES;
				MARKETING_VERSION = 1.0;
				PRODUCT_BUNDLE_IDENTIFIER = "com.dozy-ai.Dozy-AIUITests";
				PRODUCT_NAME = "$(TARGET_NAME)";
				STRING_CATALOG_GENERATE_SYMBOLS = NO;
				SWIFT_APPROACHABLE_CONCURRENCY = YES;
				SWIFT_EMIT_LOC_STRINGS = NO;
				SWIFT_UPCOMING_FEATURE_MEMBER_IMPORT_VISIBILITY = YES;
				SWIFT_VERSION = 5.0;
				TARGETED_DEVICE_FAMILY = "1,2";
				TEST_TARGET_NAME = "Dozy AI";
			};
			name = Debug;
		};
		DD808EAD2F694B2200F4956A /* Release */ = {
			isa = XCBuildConfiguration;
			buildSettings = {
				CODE_SIGN_STYLE = Automatic;
				CURRENT_PROJECT_VERSION = 1;
				DEVELOPMENT_TEAM = 7DVWGZFH6N;
				GENERATE_INFOPLIST_FILE = YES;
				MARKETING_VERSION = 1.0;
				PRODUCT_BUNDLE_IDENTIFIER = "com.dozy-ai.Dozy-AIUITests";
				PRODUCT_NAME = "$(TARGET_NAME)";
				STRING_CATALOG_GENERATE_SYMBOLS = NO;
				SWIFT_APPROACHABLE_CONCURRENCY = YES;
				SWIFT_EMIT_LOC_STRINGS = NO;
				SWIFT_UPCOMING_FEATURE_MEMBER_IMPORT_VISIBILITY = YES;
				SWIFT_VERSION = 5.0;
				TARGETED_DEVICE_FAMILY = "1,2";
				TEST_TARGET_NAME = "Dozy AI";
			};
			name = Release;
		};
/* End XCBuildConfiguration section */

/* Begin XCConfigurationList section */
		DD808E7F2F694B2100F4956A /* Build configuration list for PBXProject "Dozy AI" */ = {
			isa = XCConfigurationList;
			buildConfigurations = (
				DD808EA32F694B2200F4956A /* Debug */,
				DD808EA42F694B2200F4956A /* Release */,
			);
			defaultConfigurationIsVisible = 0;
			defaultConfigurationName = Release;
		};
		DD808EA52F694B2200F4956A /* Build configuration list for PBXNativeTarget "Dozy AI" */ = {
			isa = XCConfigurationList;
			buildConfigurations = (
				DD808EA62F694B2200F4956A /* Debug */,
				DD808EA72F694B2200F4956A /* Release */,
			);
			defaultConfigurationIsVisible = 0;
			defaultConfigurationName = Release;
		};
		DD808EA82F694B2200F4956A /* Build configuration list for PBXNativeTarget "Dozy AITests" */ = {
			isa = XCConfigurationList;
			buildConfigurations = (
				DD808EA92F694B2200F4956A /* Debug */,
				DD808EAA2F694B2200F4956A /* Release */,
			);
			defaultConfigurationIsVisible = 0;
			defaultConfigurationName = Release;
		};
		DD808EAB2F694B2200F4956A /* Build configuration list for PBXNativeTarget "Dozy AIUITests" */ = {
			isa = XCConfigurationList;
			buildConfigurations = (
				DD808EAC2F694B2200F4956A /* Debug */,
				DD808EAD2F694B2200F4956A /* Release */,
			);
			defaultConfigurationIsVisible = 0;
			defaultConfigurationName = Release;
		};
/* End XCConfigurationList section */
	};
	rootObject = DD808E7C2F694B2100F4956A /* Project object */;
}
