// !$*UTF8*$!
{
	archiveVersion = 1;
	classes = {
	};
	objectVersion = 77;
	objects = {

/* Begin PBXBuildFile section */
		DD44DDD32F72C44100EEE463 /* DozyError.swift in Sources */ = {isa = PBXBuildFile; fileRef = DD44DDD22F72C44100EEE463 /* DozyError.swift */; };
		DD44DDD52F72C73000EEE463 /* WorkLogRepositoryProtocol.swift in Sources */ = {isa = PBXBuildFile; fileRef = DD44DDD42F72C73000EEE463 /* WorkLogRepositoryProtocol.swift */; };
		DD808EB32F694B2A00F4956A /* Dozy_AIApp.swift in Sources */ = {isa = PBXBuildFile; fileRef = DD808EB02F694B2A00F4956A /* Dozy_AIApp.swift */; };
		DD808EB42F694B2A00F4956A /* Assets.xcassets in Resources */ = {isa = PBXBuildFile; fileRef = DD808EAE2F694B2A00F4956A /* Assets.xcassets */; };
		DD808EB72F694B2C00F4956A /* Dozy_AITests.swift in Sources */ = {isa = PBXBuildFile; fileRef = DD808EB52F694B2C00F4956A /* Dozy_AITests.swift */; };
		DD808EBB2F694B2F00F4956A /* Dozy_AIUITests.swift in Sources */ = {isa = PBXBuildFile; fileRef = DD808EB82F694B2F00F4956A /* Dozy_AIUITests.swift */; };
		DD808EBC2F694B2F00F4956A /* Dozy_AIUITestsLaunchTests.swift in Sources */ = {isa = PBXBuildFile; fileRef = DD808EB92F694B2F00F4956A /* Dozy_AIUITestsLaunchTests.swift */; };
		DD808ED42F694C6F00F4956A /* HomeView.swift in Sources */ = {isa = PBXBuildFile; fileRef = DD808ED32F694C6F00F4956A /* HomeView.swift */; };
		DD808ED62F694C7800F4956A /* HomeViewModel.swift in Sources */ = {isa = PBXBuildFile; fileRef = DD808ED52F694C7800F4956A /* HomeViewModel.swift */; };
		DD9F68DE2F6ACCB2001952F6 /* AppDelegate.swift in Sources */ = {isa = PBXBuildFile; fileRef = DD9F68DD2F6ACCB2001952F6 /* AppDelegate.swift */; };
		DD9F68E22F6ACCF4001952F6 /* DependencyContainer.swift in Sources */ = {isa = PBXBuildFile; fileRef = DD9F68E12F6ACCF4001952F6 /* DependencyContainer.swift */; };
		DD9F68E42F6ACD08001952F6 /* Date+Extensions.swift in Sources */ = {isa = PBXBuildFile; fileRef = DD9F68E32F6ACD08001952F6 /* Date+Extensions.swift */; };
		DD9F68E62F6ACD14001952F6 /* String+Extensions.swift in Sources */ = {isa = PBXBuildFile; fileRef = DD9F68E52F6ACD14001952F6 /* String+Extensions.swift */; };
		DD9F68E82F6ACD20001952F6 /* Publisher+Extensions.swift in Sources */ = {isa = PBXBuildFile; fileRef = DD9F68E72F6ACD20001952F6 /* Publisher+Extensions.swift */; };
		DD9F68EA2F6ACD2E001952F6 /* Logger.swift in Sources */ = {isa = PBXBuildFile; fileRef = DD9F68E92F6ACD2E001952F6 /* Logger.swift */; };
		DD9F68EC2F6ACD36001952F6 /* Constants.swift in Sources */ = {isa = PBXBuildFile; fileRef = DD9F68EB2F6ACD36001952F6 /* Constants.swift */; };
		DD9F68EE2F6ACD5B001952F6 /* WorkLog.swift in Sources */ = {isa = PBXBuildFile; fileRef = DD9F68ED2F6ACD5B001952F6 /* WorkLog.swift */; };
		DD9F68F02F6ACD62001952F6 /* TaskItem.swift in Sources */ = {isa = PBXBuildFile; fileRef = DD9F68EF2F6ACD62001952F6 /* TaskItem.swift */; };
		DD9F68F22F6ACD74001952F6 /* CalendarEvent.swift in Sources */ = {isa = PBXBuildFile; fileRef = DD9F68F12F6ACD74001952F6 /* CalendarEvent.swift */; };
		DD9F68F42F6ACD80001952F6 /* DailySummary.swift in Sources */ = {isa = PBXBuildFile; fileRef = DD9F68F32F6ACD80001952F6 /* DailySummary.swift */; };
		DD9F68F62F6ACD8C001952F6 /* UserPattern.swift in Sources */ = {isa = PBXBuildFile; fileRef = DD9F68F52F6ACD8C001952F6 /* UserPattern.swift */; };
		DD9F68F92F6ACDAD001952F6 /* GenerateDailySummaryUseCase.swift in Sources */ = {isa = PBXBuildFile; fileRef = DD9F68F82F6ACDAD001952F6 /* GenerateDailySummaryUseCase.swift */; };
		DD9F68FB2F6ACE0A001952F6 /* FetchCalendarEventsUseCase.swift in Sources */ = {isa = PBXBuildFile; fileRef = DD9F68FA2F6ACE0A001952F6 /* FetchCalendarEventsUseCase.swift */; };
		DD9F68FD2F6ACE25001952F6 /* AnalyzeWorkPatternUseCase.swift in Sources */ = {isa = PBXBuildFile; fileRef = DD9F68FC2F6ACE25001952F6 /* AnalyzeWorkPatternUseCase.swift */; };
		DD9F68FF2F6ACE34001952F6 /* RecommendNextTaskUseCase.swift in Sources */ = {isa = PBXBuildFile; fileRef = DD9F68FE2F6ACE34001952F6 /* RecommendNextTaskUseCase.swift */; };
		DD9F69022F6ACE5C001952F6 /* CalendarServiceProtocol.swift in Sources */ = {isa = PBXBuildFile; fileRef = DD9F69012F6ACE5C001952F6 /* CalendarServiceProtocol.swift */; };
		DD9F69042F6ACE69001952F6 /* ReminderServiceProtocol.swift in Sources */ = {isa = PBXBuildFile; fileRef = DD9F69032F6ACE69001952F6 /* ReminderServiceProtocol.swift */; };
		DD9F69062F6ACE74001952F6 /* AIServiceProtocol.swift in Sources */ = {isa = PBXBuildFile; fileRef = DD9F69052F6ACE74001952F6 /* AIServiceProtocol.swift */; };
		DD9F69082F6ACE7E001952F6 /* SpeechServiceProtocol.swift in Sources */ = {isa = PBXBuildFile; fileRef = DD9F69072F6ACE7E001952F6 /* SpeechServiceProtocol.swift */; };
		DD9F690B2F6ACEC2001952F6 /* WorkLogRepository.swift in Sources */ = {isa = PBXBuildFile; fileRef = DD9F690A2F6ACEC2001952F6 /* WorkLogRepository.swift */; };
		DD9F690D2F6ACEEB001952F6 /* UserPatternRepository.swift in Sources */ = {isa = PBXBuildFile; fileRef = DD9F690C2F6ACEEB001952F6 /* UserPatternRepository.swift */; };
		DD9F69102F6ACF04001952F6 /* CalendarService.swift in Sources */ = {isa = PBXBuildFile; fileRef = DD9F690F2F6ACF04001952F6 /* CalendarService.swift */; };
		DD9F69122F6ACF2B001952F6 /* ReminderService.swift in Sources */ = {isa = PBXBuildFile; fileRef = DD9F69112F6ACF2B001952F6 /* ReminderService.swift */; };
		DD9F69142F6ACF33001952F6 /* AIService.swift in Sources */ = {isa = PBXBuildFile; fileRef = DD9F69132F6ACF33001952F6 /* AIService.swift */; };
		DD9F69162F6ACF3B001952F6 /* SpeechService.swift in Sources */ = {isa = PBXBuildFile; fileRef = DD9F69152F6ACF3B001952F6 /* SpeechService.swift */; };
		DD9F69182F6ACF52001952F6 /* PatternAnalysisService.swift in Sources */ = {isa = PBXBuildFile; fileRef = DD9F69172F6ACF52001952F6 /* PatternAnalysisService.swift */; };
		DD9F691B2F6ACF74001952F6 /* SwiftDataContainer.swift in Sources */ = {isa = PBXBuildFile; fileRef = DD9F691A2F6ACF74001952F6 /* SwiftDataContainer.swift */; };
		DD9F691D2F6ACF7F001952F6 /* SchemaV1.swift in Sources */ = {isa = PBXBuildFile; fileRef = DD9F691C2F6ACF7F001952F6 /* SchemaV1.swift */; };
		DD9F69232F6ACFF2001952F6 /* CalendarEventDTO.swift in Sources */ = {isa = PBXBuildFile; fileRef = DD9F69212F6ACFF2001952F6 /* CalendarEventDTO.swift */; };
		DD9F69252F6ACFFD001952F6 /* WorkLogDTO.swift in Sources */ = {isa = PBXBuildFile; fileRef = DD9F69242F6ACFFD001952F6 /* WorkLogDTO.swift */; };
		DD9F69292F6AD073001952F6 /* DailySummaryView.swift in Sources */ = {isa = PBXBuildFile; fileRef = DD9F69282F6AD073001952F6 /* DailySummaryView.swift */; };
		DD9F692B2F6AD082001952F6 /* DailySummaryViewModel.swift in Sources */ = {isa = PBXBuildFile; fileRef = DD9F692A2F6AD082001952F6 /* DailySummaryViewModel.swift */; };
		DD9F692E2F6AD0A1001952F6 /* WorkLogListView.swift in Sources */ = {isa = PBXBuildFile; fileRef = DD9F692D2F6AD0A1001952F6 /* WorkLogListView.swift */; };
		DD9F69302F6AD0B1001952F6 /* WorkLogDetailView.swift in Sources */ = {isa = PBXBuildFile; fileRef = DD9F692F2F6AD0B1001952F6 /* WorkLogDetailView.swift */; };
		DD9F69322F6AD0BF001952F6 /* WorkLogViewModel.swift in Sources */ = {isa = PBXBuildFile; fileRef = DD9F69312F6AD0BF001952F6 /* WorkLogViewModel.swift */; };
		DD9F69352F6AD144001952F6 /* VoiceInputView.swift in Sources */ = {isa = PBXBuildFile; fileRef = DD9F69342F6AD144001952F6 /* VoiceInputView.swift */; };
		DD9F69372F6AD14D001952F6 /* VoiceInputViewModel.swift in Sources */ = {isa = PBXBuildFile; fileRef = DD9F69362F6AD14D001952F6 /* VoiceInputViewModel.swift */; };
		DD9F693E2F6AD1CD001952F6 /* TaskCard.swift in Sources */ = {isa = PBXBuildFile; fileRef = DD9F693D2F6AD1CD001952F6 /* TaskCard.swift */; };
		DD9F69402F6AD1D5001952F6 /* SummaryCard.swift in Sources */ = {isa = PBXBuildFile; fileRef = DD9F693F2F6AD1D5001952F6 /* SummaryCard.swift */; };
		DD9F69422F6AD1DE001952F6 /* PatternChart.swift in Sources */ = {isa = PBXBuildFile; fileRef = DD9F69412F6AD1DE001952F6 /* PatternChart.swift */; };
		DD9F69442F6AD1EB001952F6 /* VoiceWaveformView.swift in Sources */ = {isa = PBXBuildFile; fileRef = DD9F69432F6AD1EB001952F6 /* VoiceWaveformView.swift */; };
		DD9F69462F6AD21C001952F6 /* DozyAppIntents.swift in Sources */ = {isa = PBXBuildFile; fileRef = DD9F69452F6AD21C001952F6 /* DozyAppIntents.swift */; };
		DD9F69482F6AD22B001952F6 /* LogWorkShortcut.swift in Sources */ = {isa = PBXBuildFile; fileRef = DD9F69472F6AD22B001952F6 /* LogWorkShortcut.swift */; };
		DD9F694A2F6AD239001952F6 /* SummarizeShortcut.swift in Sources */ = {isa = PBXBuildFile; fileRef = DD9F69492F6AD239001952F6 /* SummarizeShortcut.swift */; };
		DD9F694E2F6AD2CF001952F6 /* Localizable.strings in Resources */ = {isa = PBXBuildFile; fileRef = DD9F694D2F6AD2CF001952F6 /* Localizable.strings */; };
		F616DCCF2F7A698800FA0476 /* NaverThirdPartyLogin in Frameworks */ = {isa = PBXBuildFile; productRef = F616DCCE2F7A698800FA0476 /* NaverThirdPartyLogin */; };
		F616DCD12F7B448300FA0476 /* NaverSignInService.swift in Sources */ = {isa = PBXBuildFile; fileRef = F616DCD02F7B448300FA0476 /* NaverSignInService.swift */; };
		F616DCD32F7B449700FA0476 /* NaverCalendarListResponse.swift in Sources */ = {isa = PBXBuildFile; fileRef = F616DCD22F7B449700FA0476 /* NaverCalendarListResponse.swift */; };
		F616DCD52F7B49AE00FA0476 /* NaverCalendarService.swift in Sources */ = {isa = PBXBuildFile; fileRef = F616DCD42F7B49AE00FA0476 /* NaverCalendarService.swift */; };
		F616DCD72F7B625700FA0476 /* BannerView.swift in Sources */ = {isa = PBXBuildFile; fileRef = F616DCD62F7B625700FA0476 /* BannerView.swift */; };
		F616DCD92F7B83DD00FA0476 /* HomeTabBar.swift in Sources */ = {isa = PBXBuildFile; fileRef = F616DCD82F7B83DD00FA0476 /* HomeTabBar.swift */; };
		F616DCEA2F7CAFA400FA0476 /* NotificationServiceProtocol.swift in Sources */ = {isa = PBXBuildFile; fileRef = F616DCE92F7CAFA400FA0476 /* NotificationServiceProtocol.swift */; };
		F616DCEC2F7CB01400FA0476 /* ScheduleNotificationUseCase.swift in Sources */ = {isa = PBXBuildFile; fileRef = F616DCEB2F7CB01400FA0476 /* ScheduleNotificationUseCase.swift */; };
		F616DCEE2F7CB0C800FA0476 /* CancelNotificationUseCase.swift in Sources */ = {isa = PBXBuildFile; fileRef = F616DCED2F7CB0C800FA0476 /* CancelNotificationUseCase.swift */; };
		F616DCF02F7CB13B00FA0476 /* NotificationService.swift in Sources */ = {isa = PBXBuildFile; fileRef = F616DCEF2F7CB13B00FA0476 /* NotificationService.swift */; };
		F616DCF22F7CBA0100FA0476 /* EventDetailView.swift in Sources */ = {isa = PBXBuildFile; fileRef = F616DCF12F7CBA0100FA0476 /* EventDetailView.swift */; };
		F619D9402F73B0A700084C61 /* AIPromptBuilder.swift in Sources */ = {isa = PBXBuildFile; fileRef = F619D93F2F73B0A700084C61 /* AIPromptBuilder.swift */; };
		F619D9422F73B38B00084C61 /* AIResponseParser.swift in Sources */ = {isa = PBXBuildFile; fileRef = F619D9412F73B38B00084C61 /* AIResponseParser.swift */; };
		F619D9442F74AF0100084C61 /* MetaChip.swift in Sources */ = {isa = PBXBuildFile; fileRef = F619D9432F74AF0100084C61 /* MetaChip.swift */; };
		F619D94B2F75113C00084C61 /* GoogleSignIn in Frameworks */ = {isa = PBXBuildFile; productRef = F619D94A2F75113C00084C61 /* GoogleSignIn */; };
		F619D94D2F75113C00084C61 /* GoogleSignInSwift in Frameworks */ = {isa = PBXBuildFile; productRef = F619D94C2F75113C00084C61 /* GoogleSignInSwift */; };
		F619D94F2F75122300084C61 /* CalendarSource.swift in Sources */ = {isa = PBXBuildFile; fileRef = F619D94E2F75122300084C61 /* CalendarSource.swift */; };
		F619D9512F75192800084C61 /* .gitignore in Resources */ = {isa = PBXBuildFile; fileRef = F619D9502F75192800084C61 /* .gitignore */; };
		F619D9542F751CB100084C61 /* GoogleCalendarDTO.swift in Sources */ = {isa = PBXBuildFile; fileRef = F619D9532F751CB100084C61 /* GoogleCalendarDTO.swift */; };
		F619D9562F751F7D00084C61 /* GoogleSignInService.swift in Sources */ = {isa = PBXBuildFile; fileRef = F619D9552F751F7D00084C61 /* GoogleSignInService.swift */; };
		F619D9582F75219200084C61 /* GoogleCalendarService.swift in Sources */ = {isa = PBXBuildFile; fileRef = F619D9572F75219200084C61 /* GoogleCalendarService.swift */; };
		F619D95A2F7525DB00084C61 /* CalendarSourceManager.swift in Sources */ = {isa = PBXBuildFile; fileRef = F619D9592F7525DB00084C61 /* CalendarSourceManager.swift */; };
		F619D95C2F75271600084C61 /* CompositeCalendarSerivce.swift in Sources */ = {isa = PBXBuildFile; fileRef = F619D95B2F75271600084C61 /* CompositeCalendarSerivce.swift */; };
		F619D95F2F7528C600084C61 /* CalendarSettingsViewModel.swift in Sources */ = {isa = PBXBuildFile; fileRef = F619D95E2F7528C600084C61 /* CalendarSettingsViewModel.swift */; };
		F619D9612F752B4D00084C61 /* CalendarSettingsView.swift in Sources */ = {isa = PBXBuildFile; fileRef = F619D9602F752B4D00084C61 /* CalendarSettingsView.swift */; };
		F619D9632F79F60400084C61 /* UIApplication+TopVC.swift in Sources */ = {isa = PBXBuildFile; fileRef = F619D9622F79F60400084C61 /* UIApplication+TopVC.swift */; };
		F619D9662F7A0CF400084C61 /* Secrets.xcconfig.template in Resources */ = {isa = PBXBuildFile; fileRef = F619D9652F7A0CF400084C61 /* Secrets.xcconfig.template */; };
		F619D9672F7A0CF400084C61 /* Secrets.xcconfig in Resources */ = {isa = PBXBuildFile; fileRef = F619D9642F7A0CF400084C61 /* Secrets.xcconfig */; };
		F619D9692F7A170E00084C61 /* FilterTab.swift in Sources */ = {isa = PBXBuildFile; fileRef = F619D9682F7A170E00084C61 /* FilterTab.swift */; };
		F619D96B2F7A344900084C61 /* DozyEvent.swift in Sources */ = {isa = PBXBuildFile; fileRef = F619D96A2F7A344900084C61 /* DozyEvent.swift */; };
		F619D96D2F7A355C00084C61 /* DozyEventRepositoryProtocol.swift in Sources */ = {isa = PBXBuildFile; fileRef = F619D96C2F7A355C00084C61 /* DozyEventRepositoryProtocol.swift */; };
		F619D96F2F7A35BA00084C61 /* FetchCalendarEventUseCase.swift in Sources */ = {isa = PBXBuildFile; fileRef = F619D96E2F7A35BA00084C61 /* FetchCalendarEventUseCase.swift */; };
		F619D9712F7A360D00084C61 /* FetchDozyEventsUseCase.swift in Sources */ = {isa = PBXBuildFile; fileRef = F619D9702F7A360D00084C61 /* FetchDozyEventsUseCase.swift */; };
		F619D9732F7A36C600084C61 /* CreateDozyEventUseCase.swift in Sources */ = {isa = PBXBuildFile; fileRef = F619D9722F7A36C600084C61 /* CreateDozyEventUseCase.swift */; };
		F619D9752F7A371900084C61 /* UpdateDozyEventUseCase.swift in Sources */ = {isa = PBXBuildFile; fileRef = F619D9742F7A371900084C61 /* UpdateDozyEventUseCase.swift */; };
		F619D9772F7A374D00084C61 /* DeleteDozyEventUseCase.swift in Sources */ = {isa = PBXBuildFile; fileRef = F619D9762F7A374D00084C61 /* DeleteDozyEventUseCase.swift */; };
		F619D9792F7A378F00084C61 /* DozyEventRepository.swift in Sources */ = {isa = PBXBuildFile; fileRef = F619D9782F7A378F00084C61 /* DozyEventRepository.swift */; };
		F619D97B2F7A3A6000084C61 /* DozyCalendarService.swift in Sources */ = {isa = PBXBuildFile; fileRef = F619D97A2F7A3A6000084C61 /* DozyCalendarService.swift */; };
		F619D97E2F7A3BF600084C61 /* MainTabView.swift in Sources */ = {isa = PBXBuildFile; fileRef = F619D97D2F7A3BF600084C61 /* MainTabView.swift */; };
		F619D9812F7A3CD100084C61 /* CalendarViewModel.swift in Sources */ = {isa = PBXBuildFile; fileRef = F619D9802F7A3CD100084C61 /* CalendarViewModel.swift */; };
		F619D9832F7A422900084C61 /* DayCell.swift in Sources */ = {isa = PBXBuildFile; fileRef = F619D9822F7A422900084C61 /* DayCell.swift */; };
		F619D9852F7A43DF00084C61 /* CalendarView.swift in Sources */ = {isa = PBXBuildFile; fileRef = F619D9842F7A43DF00084C61 /* CalendarView.swift */; };
		F619D9872F7A4A1400084C61 /* EventEditViewModel.swift in Sources */ = {isa = PBXBuildFile; fileRef = F619D9862F7A4A1400084C61 /* EventEditViewModel.swift */; };
		F619D9892F7A4ADD00084C61 /* EventEditView.swift in Sources */ = {isa = PBXBuildFile; fileRef = F619D9882F7A4ADD00084C61 /* EventEditView.swift */; };
		F619D98B2F7A4C8400084C61 /* Color+Hex.swift in Sources */ = {isa = PBXBuildFile; fileRef = F619D98A2F7A4C8400084C61 /* Color+Hex.swift */; };
		F650681B2F7CDAFB00F9C124 /* ToggleDozyEventCompletionUseCase.swift in Sources */ = {isa = PBXBuildFile; fileRef = F650681A2F7CDAFB00F9C124 /* ToggleDozyEventCompletionUseCase.swift */; };
		F650681D2F7CF09200F9C124 /* WeekGridView.swift in Sources */ = {isa = PBXBuildFile; fileRef = F650681C2F7CF09200F9C124 /* WeekGridView.swift */; };
		F650681F2F7CF1B400F9C124 /* DayTimelineView.swift in Sources */ = {isa = PBXBuildFile; fileRef = F650681E2F7CF1B400F9C124 /* DayTimelineView.swift */; };
		F65068212F7D072E00F9C124 /* CalendarEventEditRequest.swift in Sources */ = {isa = PBXBuildFile; fileRef = F65068202F7D072E00F9C124 /* CalendarEventEditRequest.swift */; };
		F65068232F7D076200F9C124 /* EventCompletion.swift in Sources */ = {isa = PBXBuildFile; fileRef = F65068222F7D076200F9C124 /* EventCompletion.swift */; };
		F65068252F7D07AC00F9C124 /* EventCompletionRepositoryProtocol.swift in Sources */ = {isa = PBXBuildFile; fileRef = F65068242F7D07AC00F9C124 /* EventCompletionRepositoryProtocol.swift */; };
		F65068272F7D07E100F9C124 /* CalendarWriteServiceProtocol.swift in Sources */ = {isa = PBXBuildFile; fileRef = F65068262F7D07E100F9C124 /* CalendarWriteServiceProtocol.swift */; };
		F65068292F7D081B00F9C124 /* UpdateCalendarEventUseCase.swift in Sources */ = {isa = PBXBuildFile; fileRef = F65068282F7D081B00F9C124 /* UpdateCalendarEventUseCase.swift */; };
		F650682B2F7D086B00F9C124 /* DeleteCalendarEventUseCase.swift in Sources */ = {isa = PBXBuildFile; fileRef = F650682A2F7D086B00F9C124 /* DeleteCalendarEventUseCase.swift */; };
		F650682D2F7D08A000F9C124 /* ToggleCalendarEventCompletionUseCase.swift in Sources */ = {isa = PBXBuildFile; fileRef = F650682C2F7D08A000F9C124 /* ToggleCalendarEventCompletionUseCase.swift */; };
		F650682F2F7D092E00F9C124 /* FetchEventCompletionsUseCase.swift in Sources */ = {isa = PBXBuildFile; fileRef = F650682E2F7D092E00F9C124 /* FetchEventCompletionsUseCase.swift */; };
		F65068312F7D115300F9C124 /* EventCompletionRepository.swift in Sources */ = {isa = PBXBuildFile; fileRef = F65068302F7D115300F9C124 /* EventCompletionRepository.swift */; };
		F65068332F7DEA9200F9C124 /* CalendarEventEditView.swift in Sources */ = {isa = PBXBuildFile; fileRef = F65068322F7DEA9200F9C124 /* CalendarEventEditView.swift */; };
		F65068352F7DFB6600F9C124 /* MonthWeekRowView.swift in Sources */ = {isa = PBXBuildFile; fileRef = F65068342F7DFB6600F9C124 /* MonthWeekRowView.swift */; };
		F65068372F7E533200F9C124 /* InsightDashboardView.swift in Sources */ = {isa = PBXBuildFile; fileRef = F65068362F7E533200F9C124 /* InsightDashboardView.swift */; };
		F65068392F7E536700F9C124 /* InsightDashboardViewModel.swift in Sources */ = {isa = PBXBuildFile; fileRef = F65068382F7E536700F9C124 /* InsightDashboardViewModel.swift */; };
		F6BC59912F7396450090DF3A /* File.swift in Sources */ = {isa = PBXBuildFile; fileRef = F6BC59902F7396450090DF3A /* File.swift */; };
		F6BC59932F73977B0090DF3A /* SectionHeader.swift in Sources */ = {isa = PBXBuildFile; fileRef = F6BC59922F73977B0090DF3A /* SectionHeader.swift */; };
		F6BC59952F7399E90090DF3A /* EventRow.swift in Sources */ = {isa = PBXBuildFile; fileRef = F6BC59942F7399E90090DF3A /* EventRow.swift */; };
		F6BC59972F739B010090DF3A /* TaskRow.swift in Sources */ = {isa = PBXBuildFile; fileRef = F6BC59962F739B010090DF3A /* TaskRow.swift */; };
		F6BC59992F739B470090DF3A /* RecentLogRow.swift in Sources */ = {isa = PBXBuildFile; fileRef = F6BC59982F739B470090DF3A /* RecentLogRow.swift */; };
/* End PBXBuildFile section */

/* Begin PBXContainerItemProxy section */
		DD808E922F694B2200F4956A /* PBXContainerItemProxy */ = {
			isa = PBXContainerItemProxy;
			containerPortal = DD808E7C2F694B2100F4956A /* Project object */;
			proxyType = 1;
			remoteGlobalIDString = DD808E832F694B2100F4956A;
			remoteInfo = "Dozy AI";
		};
		DD808E9C2F694B2200F4956A /* PBXContainerItemProxy */ = {
			isa = PBXContainerItemProxy;
			containerPortal = DD808E7C2F694B2100F4956A /* Project object */;
			proxyType = 1;
			remoteGlobalIDString = DD808E832F694B2100F4956A;
			remoteInfo = "Dozy AI";
		};
/* End PBXContainerItemProxy section */

/* Begin PBXFileReference section */
		DD44DDD22F72C44100EEE463 /* DozyError.swift */ = {isa = PBXFileReference; lastKnownFileType = sourcecode.swift; path = DozyError.swift; sourceTree = "<group>"; };
		DD44DDD42F72C73000EEE463 /* WorkLogRepositoryProtocol.swift */ = {isa = PBXFileReference; lastKnownFileType = sourcecode.swift; path = WorkLogRepositoryProtocol.swift; sourceTree = "<group>"; };
		DD808E842F694B2100F4956A /* Dozy AI.app */ = {isa = PBXFileReference; explicitFileType = wrapper.application; includeInIndex = 0; path = "Dozy AI.app"; sourceTree = BUILT_PRODUCTS_DIR; };
		DD808E912F694B2200F4956A /* Dozy AITests.xctest */ = {isa = PBXFileReference; explicitFileType = wrapper.cfbundle; includeInIndex = 0; path = "Dozy AITests.xctest"; sourceTree = BUILT_PRODUCTS_DIR; };
		DD808E9B2F694B2200F4956A /* Dozy AIUITests.xctest */ = {isa = PBXFileReference; explicitFileType = wrapper.cfbundle; includeInIndex = 0; path = "Dozy AIUITests.xctest"; sourceTree = BUILT_PRODUCTS_DIR; };
		DD808EAE2F694B2A00F4956A /* Assets.xcassets */ = {isa = PBXFileReference; lastKnownFileType = folder.assetcatalog; path = Assets.xcassets; sourceTree = "<group>"; };
		DD808EB02F694B2A00F4956A /* Dozy_AIApp.swift */ = {isa = PBXFileReference; lastKnownFileType = sourcecode.swift; path = Dozy_AIApp.swift; sourceTree = "<group>"; };
		DD808EB52F694B2C00F4956A /* Dozy_AITests.swift */ = {isa = PBXFileReference; lastKnownFileType = sourcecode.swift; path = Dozy_AITests.swift; sourceTree = "<group>"; };
		DD808EB82F694B2F00F4956A /* Dozy_AIUITests.swift */ = {isa = PBXFileReference; lastKnownFileType = sourcecode.swift; path = Dozy_AIUITests.swift; sourceTree = "<group>"; };
		DD808EB92F694B2F00F4956A /* Dozy_AIUITestsLaunchTests.swift */ = {isa = PBXFileReference; lastKnownFileType = sourcecode.swift; path = Dozy_AIUITestsLaunchTests.swift; sourceTree = "<group>"; };
		DD808ED32F694C6F00F4956A /* HomeView.swift */ = {isa = PBXFileReference; lastKnownFileType = sourcecode.swift; path = HomeView.swift; sourceTree = "<group>"; };
		DD808ED52F694C7800F4956A /* HomeViewModel.swift */ = {isa = PBXFileReference; lastKnownFileType = sourcecode.swift; path = HomeViewModel.swift; sourceTree = "<group>"; };
		DD9F68DD2F6ACCB2001952F6 /* AppDelegate.swift */ = {isa = PBXFileReference; lastKnownFileType = sourcecode.swift; path = AppDelegate.swift; sourceTree = "<group>"; };
		DD9F68E12F6ACCF4001952F6 /* DependencyContainer.swift */ = {isa = PBXFileReference; lastKnownFileType = sourcecode.swift; path = DependencyContainer.swift; sourceTree = "<group>"; };
		DD9F68E32F6ACD08001952F6 /* Date+Extensions.swift */ = {isa = PBXFileReference; lastKnownFileType = sourcecode.swift; path = "Date+Extensions.swift"; sourceTree = "<group>"; };
		DD9F68E52F6ACD14001952F6 /* String+Extensions.swift */ = {isa = PBXFileReference; lastKnownFileType = sourcecode.swift; path = "String+Extensions.swift"; sourceTree = "<group>"; };
		DD9F68E72F6ACD20001952F6 /* Publisher+Extensions.swift */ = {isa = PBXFileReference; lastKnownFileType = sourcecode.swift; path = "Publisher+Extensions.swift"; sourceTree = "<group>"; };
		DD9F68E92F6ACD2E001952F6 /* Logger.swift */ = {isa = PBXFileReference; lastKnownFileType = sourcecode.swift; path = Logger.swift; sourceTree = "<group>"; };
		DD9F68EB2F6ACD36001952F6 /* Constants.swift */ = {isa = PBXFileReference; lastKnownFileType = sourcecode.swift; path = Constants.swift; sourceTree = "<group>"; };
		DD9F68ED2F6ACD5B001952F6 /* WorkLog.swift */ = {isa = PBXFileReference; lastKnownFileType = sourcecode.swift; path = WorkLog.swift; sourceTree = "<group>"; };
		DD9F68EF2F6ACD62001952F6 /* TaskItem.swift */ = {isa = PBXFileReference; lastKnownFileType = sourcecode.swift; path = TaskItem.swift; sourceTree = "<group>"; };
		DD9F68F12F6ACD74001952F6 /* CalendarEvent.swift */ = {isa = PBXFileReference; lastKnownFileType = sourcecode.swift; path = CalendarEvent.swift; sourceTree = "<group>"; };
		DD9F68F32F6ACD80001952F6 /* DailySummary.swift */ = {isa = PBXFileReference; lastKnownFileType = sourcecode.swift; path = DailySummary.swift; sourceTree = "<group>"; };
		DD9F68F52F6ACD8C001952F6 /* UserPattern.swift */ = {isa = PBXFileReference; lastKnownFileType = sourcecode.swift; path = UserPattern.swift; sourceTree = "<group>"; };
		DD9F68F82F6ACDAD001952F6 /* GenerateDailySummaryUseCase.swift */ = {isa = PBXFileReference; lastKnownFileType = sourcecode.swift; path = GenerateDailySummaryUseCase.swift; sourceTree = "<group>"; };
		DD9F68FA2F6ACE0A001952F6 /* FetchCalendarEventsUseCase.swift */ = {isa = PBXFileReference; lastKnownFileType = sourcecode.swift; path = FetchCalendarEventsUseCase.swift; sourceTree = "<group>"; };
		DD9F68FC2F6ACE25001952F6 /* AnalyzeWorkPatternUseCase.swift */ = {isa = PBXFileReference; lastKnownFileType = sourcecode.swift; path = AnalyzeWorkPatternUseCase.swift; sourceTree = "<group>"; };
		DD9F68FE2F6ACE34001952F6 /* RecommendNextTaskUseCase.swift */ = {isa = PBXFileReference; lastKnownFileType = sourcecode.swift; path = RecommendNextTaskUseCase.swift; sourceTree = "<group>"; };
		DD9F69012F6ACE5C001952F6 /* CalendarServiceProtocol.swift */ = {isa = PBXFileReference; lastKnownFileType = sourcecode.swift; path = CalendarServiceProtocol.swift; sourceTree = "<group>"; };
		DD9F69032F6ACE69001952F6 /* ReminderServiceProtocol.swift */ = {isa = PBXFileReference; lastKnownFileType = sourcecode.swift; path = ReminderServiceProtocol.swift; sourceTree = "<group>"; };
		DD9F69052F6ACE74001952F6 /* AIServiceProtocol.swift */ = {isa = PBXFileReference; lastKnownFileType = sourcecode.swift; path = AIServiceProtocol.swift; sourceTree = "<group>"; };
		DD9F69072F6ACE7E001952F6 /* SpeechServiceProtocol.swift */ = {isa = PBXFileReference; lastKnownFileType = sourcecode.swift; path = SpeechServiceProtocol.swift; sourceTree = "<group>"; };
		DD9F690A2F6ACEC2001952F6 /* WorkLogRepository.swift */ = {isa = PBXFileReference; lastKnownFileType = sourcecode.swift; path = WorkLogRepository.swift; sourceTree = "<group>"; };
		DD9F690C2F6ACEEB001952F6 /* UserPatternRepository.swift */ = {isa = PBXFileReference; lastKnownFileType = sourcecode.swift; path = UserPatternRepository.swift; sourceTree = "<group>"; };
		DD9F690F2F6ACF04001952F6 /* CalendarService.swift */ = {isa = PBXFileReference; lastKnownFileType = sourcecode.swift; path = CalendarService.swift; sourceTree = "<group>"; };
		DD9F69112F6ACF2B001952F6 /* ReminderService.swift */ = {isa = PBXFileReference; lastKnownFileType = sourcecode.swift; path = ReminderService.swift; sourceTree = "<group>"; };
		DD9F69132F6ACF33001952F6 /* AIService.swift */ = {isa = PBXFileReference; lastKnownFileType = sourcecode.swift; path = AIService.swift; sourceTree = "<group>"; };
		DD9F69152F6ACF3B001952F6 /* SpeechService.swift */ = {isa = PBXFileReference; lastKnownFileType = sourcecode.swift; path = SpeechService.swift; sourceTree = "<group>"; };
		DD9F69172F6ACF52001952F6 /* PatternAnalysisService.swift */ = {isa = PBXFileReference; lastKnownFileType = sourcecode.swift; path = PatternAnalysisService.swift; sourceTree = "<group>"; };
		DD9F691A2F6ACF74001952F6 /* SwiftDataContainer.swift */ = {isa = PBXFileReference; lastKnownFileType = sourcecode.swift; path = SwiftDataContainer.swift; sourceTree = "<group>"; };
		DD9F691C2F6ACF7F001952F6 /* SchemaV1.swift */ = {isa = PBXFileReference; lastKnownFileType = sourcecode.swift; path = SchemaV1.swift; sourceTree = "<group>"; };
		DD9F69212F6ACFF2001952F6 /* CalendarEventDTO.swift */ = {isa = PBXFileReference; lastKnownFileType = sourcecode.swift; path = CalendarEventDTO.swift; sourceTree = "<group>"; };
		DD9F69242F6ACFFD001952F6 /* WorkLogDTO.swift */ = {isa = PBXFileReference; lastKnownFileType = sourcecode.swift; path = WorkLogDTO.swift; sourceTree = "<group>"; };
		DD9F69282F6AD073001952F6 /* DailySummaryView.swift */ = {isa = PBXFileReference; lastKnownFileType = sourcecode.swift; path = DailySummaryView.swift; sourceTree = "<group>"; };
		DD9F692A2F6AD082001952F6 /* DailySummaryViewModel.swift */ = {isa = PBXFileReference; lastKnownFileType = sourcecode.swift; path = DailySummaryViewModel.swift; sourceTree = "<group>"; };
		DD9F692D2F6AD0A1001952F6 /* WorkLogListView.swift */ = {isa = PBXFileReference; lastKnownFileType = sourcecode.swift; path = WorkLogListView.swift; sourceTree = "<group>"; };
		DD9F692F2F6AD0B1001952F6 /* WorkLogDetailView.swift */ = {isa = PBXFileReference; lastKnownFileType = sourcecode.swift; path = WorkLogDetailView.swift; sourceTree = "<group>"; };
		DD9F69312F6AD0BF001952F6 /* WorkLogViewModel.swift */ = {isa = PBXFileReference; lastKnownFileType = sourcecode.swift; path = WorkLogViewModel.swift; sourceTree = "<group>"; };
		DD9F69342F6AD144001952F6 /* VoiceInputView.swift */ = {isa = PBXFileReference; lastKnownFileType = sourcecode.swift; path = VoiceInputView.swift; sourceTree = "<group>"; };
		DD9F69362F6AD14D001952F6 /* VoiceInputViewModel.swift */ = {isa = PBXFileReference; lastKnownFileType = sourcecode.swift; path = VoiceInputViewModel.swift; sourceTree = "<group>"; };
		DD9F693D2F6AD1CD001952F6 /* TaskCard.swift */ = {isa = PBXFileReference; lastKnownFileType = sourcecode.swift; path = TaskCard.swift; sourceTree = "<group>"; };
		DD9F693F2F6AD1D5001952F6 /* SummaryCard.swift */ = {isa = PBXFileReference; lastKnownFileType = sourcecode.swift; path = SummaryCard.swift; sourceTree = "<group>"; };
		DD9F69412F6AD1DE001952F6 /* PatternChart.swift */ = {isa = PBXFileReference; lastKnownFileType = sourcecode.swift; path = PatternChart.swift; sourceTree = "<group>"; };
		DD9F69432F6AD1EB001952F6 /* VoiceWaveformView.swift */ = {isa = PBXFileReference; lastKnownFileType = sourcecode.swift; path = VoiceWaveformView.swift; sourceTree = "<group>"; };
		DD9F69452F6AD21C001952F6 /* DozyAppIntents.swift */ = {isa = PBXFileReference; lastKnownFileType = sourcecode.swift; path = DozyAppIntents.swift; sourceTree = "<group>"; };
		DD9F69472F6AD22B001952F6 /* LogWorkShortcut.swift */ = {isa = PBXFileReference; lastKnownFileType = sourcecode.swift; path = LogWorkShortcut.swift; sourceTree = "<group>"; };
		DD9F69492F6AD239001952F6 /* SummarizeShortcut.swift */ = {isa = PBXFileReference; lastKnownFileType = sourcecode.swift; path = SummarizeShortcut.swift; sourceTree = "<group>"; };
		DD9F694D2F6AD2CF001952F6 /* Localizable.strings */ = {isa = PBXFileReference; lastKnownFileType = text.plist.strings; path = Localizable.strings; sourceTree = "<group>"; };
		F616DCD02F7B448300FA0476 /* NaverSignInService.swift */ = {isa = PBXFileReference; lastKnownFileType = sourcecode.swift; path = NaverSignInService.swift; sourceTree = "<group>"; };
		F616DCD22F7B449700FA0476 /* NaverCalendarListResponse.swift */ = {isa = PBXFileReference; lastKnownFileType = sourcecode.swift; path = NaverCalendarListResponse.swift; sourceTree = "<group>"; };
		F616DCD42F7B49AE00FA0476 /* NaverCalendarService.swift */ = {isa = PBXFileReference; lastKnownFileType = sourcecode.swift; path = NaverCalendarService.swift; sourceTree = "<group>"; };
		F616DCD62F7B625700FA0476 /* BannerView.swift */ = {isa = PBXFileReference; lastKnownFileType = sourcecode.swift; path = BannerView.swift; sourceTree = "<group>"; };
		F616DCD82F7B83DD00FA0476 /* HomeTabBar.swift */ = {isa = PBXFileReference; lastKnownFileType = sourcecode.swift; path = HomeTabBar.swift; sourceTree = "<group>"; };
		F616DCE92F7CAFA400FA0476 /* NotificationServiceProtocol.swift */ = {isa = PBXFileReference; lastKnownFileType = sourcecode.swift; path = NotificationServiceProtocol.swift; sourceTree = "<group>"; };
		F616DCEB2F7CB01400FA0476 /* ScheduleNotificationUseCase.swift */ = {isa = PBXFileReference; lastKnownFileType = sourcecode.swift; path = ScheduleNotificationUseCase.swift; sourceTree = "<group>"; };
		F616DCED2F7CB0C800FA0476 /* CancelNotificationUseCase.swift */ = {isa = PBXFileReference; lastKnownFileType = sourcecode.swift; path = CancelNotificationUseCase.swift; sourceTree = "<group>"; };
		F616DCEF2F7CB13B00FA0476 /* NotificationService.swift */ = {isa = PBXFileReference; lastKnownFileType = sourcecode.swift; path = NotificationService.swift; sourceTree = "<group>"; };
		F616DCF12F7CBA0100FA0476 /* EventDetailView.swift */ = {isa = PBXFileReference; lastKnownFileType = sourcecode.swift; path = EventDetailView.swift; sourceTree = "<group>"; };
		F619D9342F73A63600084C61 /* Dozy AI.entitlements */ = {isa = PBXFileReference; lastKnownFileType = text.plist.entitlements; path = "Dozy AI.entitlements"; sourceTree = "<group>"; };
		F619D9352F73A69D00084C61 /* Dozy-AI-Info.plist */ = {isa = PBXFileReference; lastKnownFileType = text.plist; path = "Dozy-AI-Info.plist"; sourceTree = SOURCE_ROOT; };
		F619D93F2F73B0A700084C61 /* AIPromptBuilder.swift */ = {isa = PBXFileReference; lastKnownFileType = sourcecode.swift; path = AIPromptBuilder.swift; sourceTree = "<group>"; };
		F619D9412F73B38B00084C61 /* AIResponseParser.swift */ = {isa = PBXFileReference; lastKnownFileType = sourcecode.swift; path = AIResponseParser.swift; sourceTree = "<group>"; };
		F619D9432F74AF0100084C61 /* MetaChip.swift */ = {isa = PBXFileReference; lastKnownFileType = sourcecode.swift; path = MetaChip.swift; sourceTree = "<group>"; };
		F619D94E2F75122300084C61 /* CalendarSource.swift */ = {isa = PBXFileReference; lastKnownFileType = sourcecode.swift; path = CalendarSource.swift; sourceTree = "<group>"; };
		F619D9502F75192800084C61 /* .gitignore */ = {isa = PBXFileReference; lastKnownFileType = text; path = .gitignore; sourceTree = "<group>"; };
		F619D9532F751CB100084C61 /* GoogleCalendarDTO.swift */ = {isa = PBXFileReference; lastKnownFileType = sourcecode.swift; path = GoogleCalendarDTO.swift; sourceTree = "<group>"; };
		F619D9552F751F7D00084C61 /* GoogleSignInService.swift */ = {isa = PBXFileReference; lastKnownFileType = sourcecode.swift; path = GoogleSignInService.swift; sourceTree = "<group>"; };
		F619D9572F75219200084C61 /* GoogleCalendarService.swift */ = {isa = PBXFileReference; lastKnownFileType = sourcecode.swift; path = GoogleCalendarService.swift; sourceTree = "<group>"; };
		F619D9592F7525DB00084C61 /* CalendarSourceManager.swift */ = {isa = PBXFileReference; lastKnownFileType = sourcecode.swift; path = CalendarSourceManager.swift; sourceTree = "<group>"; };
		F619D95B2F75271600084C61 /* CompositeCalendarSerivce.swift */ = {isa = PBXFileReference; lastKnownFileType = sourcecode.swift; path = CompositeCalendarSerivce.swift; sourceTree = "<group>"; };
		F619D95E2F7528C600084C61 /* CalendarSettingsViewModel.swift */ = {isa = PBXFileReference; lastKnownFileType = sourcecode.swift; path = CalendarSettingsViewModel.swift; sourceTree = "<group>"; };
		F619D9602F752B4D00084C61 /* CalendarSettingsView.swift */ = {isa = PBXFileReference; lastKnownFileType = sourcecode.swift; path = CalendarSettingsView.swift; sourceTree = "<group>"; };
		F619D9622F79F60400084C61 /* UIApplication+TopVC.swift */ = {isa = PBXFileReference; lastKnownFileType = sourcecode.swift; path = "UIApplication+TopVC.swift"; sourceTree = "<group>"; };
		F619D9642F7A0CF400084C61 /* Secrets.xcconfig */ = {isa = PBXFileReference; lastKnownFileType = text.xcconfig; path = Secrets.xcconfig; sourceTree = "<group>"; };
		F619D9652F7A0CF400084C61 /* Secrets.xcconfig.template */ = {isa = PBXFileReference; lastKnownFileType = text; path = Secrets.xcconfig.template; sourceTree = "<group>"; };
		F619D9682F7A170E00084C61 /* FilterTab.swift */ = {isa = PBXFileReference; lastKnownFileType = sourcecode.swift; path = FilterTab.swift; sourceTree = "<group>"; };
		F619D96A2F7A344900084C61 /* DozyEvent.swift */ = {isa = PBXFileReference; lastKnownFileType = sourcecode.swift; path = DozyEvent.swift; sourceTree = "<group>"; };
		F619D96C2F7A355C00084C61 /* DozyEventRepositoryProtocol.swift */ = {isa = PBXFileReference; lastKnownFileType = sourcecode.swift; path = DozyEventRepositoryProtocol.swift; sourceTree = "<group>"; };
		F619D96E2F7A35BA00084C61 /* FetchCalendarEventUseCase.swift */ = {isa = PBXFileReference; lastKnownFileType = sourcecode.swift; path = FetchCalendarEventUseCase.swift; sourceTree = "<group>"; };
		F619D9702F7A360D00084C61 /* FetchDozyEventsUseCase.swift */ = {isa = PBXFileReference; lastKnownFileType = sourcecode.swift; path = FetchDozyEventsUseCase.swift; sourceTree = "<group>"; };
		F619D9722F7A36C600084C61 /* CreateDozyEventUseCase.swift */ = {isa = PBXFileReference; lastKnownFileType = sourcecode.swift; path = CreateDozyEventUseCase.swift; sourceTree = "<group>"; };
		F619D9742F7A371900084C61 /* UpdateDozyEventUseCase.swift */ = {isa = PBXFileReference; lastKnownFileType = sourcecode.swift; path = UpdateDozyEventUseCase.swift; sourceTree = "<group>"; };
		F619D9762F7A374D00084C61 /* DeleteDozyEventUseCase.swift */ = {isa = PBXFileReference; lastKnownFileType = sourcecode.swift; path = DeleteDozyEventUseCase.swift; sourceTree = "<group>"; };
		F619D9782F7A378F00084C61 /* DozyEventRepository.swift */ = {isa = PBXFileReference; lastKnownFileType = sourcecode.swift; path = DozyEventRepository.swift; sourceTree = "<group>"; };
		F619D97A2F7A3A6000084C61 /* DozyCalendarService.swift */ = {isa = PBXFileReference; lastKnownFileType = sourcecode.swift; path = DozyCalendarService.swift; sourceTree = "<group>"; };
		F619D97D2F7A3BF600084C61 /* MainTabView.swift */ = {isa = PBXFileReference; lastKnownFileType = sourcecode.swift; path = MainTabView.swift; sourceTree = "<group>"; };
		F619D9802F7A3CD100084C61 /* CalendarViewModel.swift */ = {isa = PBXFileReference; lastKnownFileType = sourcecode.swift; path = CalendarViewModel.swift; sourceTree = "<group>"; };
		F619D9822F7A422900084C61 /* DayCell.swift */ = {isa = PBXFileReference; lastKnownFileType = sourcecode.swift; path = DayCell.swift; sourceTree = "<group>"; };
		F619D9842F7A43DF00084C61 /* CalendarView.swift */ = {isa = PBXFileReference; lastKnownFileType = sourcecode.swift; path = CalendarView.swift; sourceTree = "<group>"; };
		F619D9862F7A4A1400084C61 /* EventEditViewModel.swift */ = {isa = PBXFileReference; lastKnownFileType = sourcecode.swift; path = EventEditViewModel.swift; sourceTree = "<group>"; };
		F619D9882F7A4ADD00084C61 /* EventEditView.swift */ = {isa = PBXFileReference; lastKnownFileType = sourcecode.swift; path = EventEditView.swift; sourceTree = "<group>"; };
		F619D98A2F7A4C8400084C61 /* Color+Hex.swift */ = {isa = PBXFileReference; lastKnownFileType = sourcecode.swift; path = "Color+Hex.swift"; sourceTree = "<group>"; };
		F650681A2F7CDAFB00F9C124 /* ToggleDozyEventCompletionUseCase.swift */ = {isa = PBXFileReference; lastKnownFileType = sourcecode.swift; path = ToggleDozyEventCompletionUseCase.swift; sourceTree = "<group>"; };
		F650681C2F7CF09200F9C124 /* WeekGridView.swift */ = {isa = PBXFileReference; lastKnownFileType = sourcecode.swift; path = WeekGridView.swift; sourceTree = "<group>"; };
		F650681E2F7CF1B400F9C124 /* DayTimelineView.swift */ = {isa = PBXFileReference; lastKnownFileType = sourcecode.swift; path = DayTimelineView.swift; sourceTree = "<group>"; };
		F65068202F7D072E00F9C124 /* CalendarEventEditRequest.swift */ = {isa = PBXFileReference; lastKnownFileType = sourcecode.swift; path = CalendarEventEditRequest.swift; sourceTree = "<group>"; };
		F65068222F7D076200F9C124 /* EventCompletion.swift */ = {isa = PBXFileReference; lastKnownFileType = sourcecode.swift; path = EventCompletion.swift; sourceTree = "<group>"; };
		F65068242F7D07AC00F9C124 /* EventCompletionRepositoryProtocol.swift */ = {isa = PBXFileReference; lastKnownFileType = sourcecode.swift; path = EventCompletionRepositoryProtocol.swift; sourceTree = "<group>"; };
		F65068262F7D07E100F9C124 /* CalendarWriteServiceProtocol.swift */ = {isa = PBXFileReference; lastKnownFileType = sourcecode.swift; path = CalendarWriteServiceProtocol.swift; sourceTree = "<group>"; };
		F65068282F7D081B00F9C124 /* UpdateCalendarEventUseCase.swift */ = {isa = PBXFileReference; lastKnownFileType = sourcecode.swift; path = UpdateCalendarEventUseCase.swift; sourceTree = "<group>"; };
		F650682A2F7D086B00F9C124 /* DeleteCalendarEventUseCase.swift */ = {isa = PBXFileReference; lastKnownFileType = sourcecode.swift; path = DeleteCalendarEventUseCase.swift; sourceTree = "<group>"; };
		F650682C2F7D08A000F9C124 /* ToggleCalendarEventCompletionUseCase.swift */ = {isa = PBXFileReference; lastKnownFileType = sourcecode.swift; path = ToggleCalendarEventCompletionUseCase.swift; sourceTree = "<group>"; };
		F650682E2F7D092E00F9C124 /* FetchEventCompletionsUseCase.swift */ = {isa = PBXFileReference; lastKnownFileType = sourcecode.swift; path = FetchEventCompletionsUseCase.swift; sourceTree = "<group>"; };
		F65068302F7D115300F9C124 /* EventCompletionRepository.swift */ = {isa = PBXFileReference; lastKnownFileType = sourcecode.swift; path = EventCompletionRepository.swift; sourceTree = "<group>"; };
		F65068322F7DEA9200F9C124 /* CalendarEventEditView.swift */ = {isa = PBXFileReference; lastKnownFileType = sourcecode.swift; path = CalendarEventEditView.swift; sourceTree = "<group>"; };
		F65068342F7DFB6600F9C124 /* MonthWeekRowView.swift */ = {isa = PBXFileReference; lastKnownFileType = sourcecode.swift; path = MonthWeekRowView.swift; sourceTree = "<group>"; };
		F65068362F7E533200F9C124 /* InsightDashboardView.swift */ = {isa = PBXFileReference; lastKnownFileType = sourcecode.swift; path = InsightDashboardView.swift; sourceTree = "<group>"; };
		F65068382F7E536700F9C124 /* InsightDashboardViewModel.swift */ = {isa = PBXFileReference; lastKnownFileType = sourcecode.swift; path = InsightDashboardViewModel.swift; sourceTree = "<group>"; };
		F6BC59902F7396450090DF3A /* File.swift */ = {isa = PBXFileReference; lastKnownFileType = sourcecode.swift; path = File.swift; sourceTree = "<group>"; };
		F6BC59922F73977B0090DF3A /* SectionHeader.swift */ = {isa = PBXFileReference; lastKnownFileType = sourcecode.swift; path = SectionHeader.swift; sourceTree = "<group>"; };
		F6BC59942F7399E90090DF3A /* EventRow.swift */ = {isa = PBXFileReference; lastKnownFileType = sourcecode.swift; path = EventRow.swift; sourceTree = "<group>"; };
		F6BC59962F739B010090DF3A /* TaskRow.swift */ = {isa = PBXFileReference; lastKnownFileType = sourcecode.swift; path = TaskRow.swift; sourceTree = "<group>"; };
		F6BC59982F739B470090DF3A /* RecentLogRow.swift */ = {isa = PBXFileReference; lastKnownFileType = sourcecode.swift; path = RecentLogRow.swift; sourceTree = "<group>"; };
/* End PBXFileReference section */

/* Begin PBXFrameworksBuildPhase section */
		DD808E812F694B2100F4956A /* Frameworks */ = {
			isa = PBXFrameworksBuildPhase;
			buildActionMask = 2147483647;
			files = (
				F619D94B2F75113C00084C61 /* GoogleSignIn in Frameworks */,
				F616DCCF2F7A698800FA0476 /* NaverThirdPartyLogin in Frameworks */,
				F619D94D2F75113C00084C61 /* GoogleSignInSwift in Frameworks */,
			);
			runOnlyForDeploymentPostprocessing = 0;
		};
		DD808E8E2F694B2200F4956A /* Frameworks */ = {
			isa = PBXFrameworksBuildPhase;
			buildActionMask = 2147483647;
			files = (
			);
			runOnlyForDeploymentPostprocessing = 0;
		};
		DD808E982F694B2200F4956A /* Frameworks */ = {
			isa = PBXFrameworksBuildPhase;
			buildActionMask = 2147483647;
			files = (
			);
			runOnlyForDeploymentPostprocessing = 0;
		};
/* End PBXFrameworksBuildPhase section */

/* Begin PBXGroup section */
		DD808E7B2F694B2100F4956A = {
			isa = PBXGroup;
			children = (
				F619D9502F75192800084C61 /* .gitignore */,
				DD808EB12F694B2A00F4956A /* Dozy AI */,
				DD808EB62F694B2C00F4956A /* Dozy AITests */,
				DD808EBA2F694B2F00F4956A /* Dozy AIUITests */,
				DD808E852F694B2100F4956A /* Products */,
			);
			sourceTree = "<group>";
		};
		DD808E852F694B2100F4956A /* Products */ = {
			isa = PBXGroup;
			children = (
				DD808E842F694B2100F4956A /* Dozy AI.app */,
				DD808E912F694B2200F4956A /* Dozy AITests.xctest */,
				DD808E9B2F694B2200F4956A /* Dozy AIUITests.xctest */,
			);
			name = Products;
			sourceTree = "<group>";
		};
		DD808EB12F694B2A00F4956A /* Dozy AI */ = {
			isa = PBXGroup;
			children = (
				F619D9352F73A69D00084C61 /* Dozy-AI-Info.plist */,
				F619D9342F73A63600084C61 /* Dozy AI.entitlements */,
				DD808EC22F694BDC00F4956A /* App */,
				F619D9522F75194A00084C61 /* Config */,
				DD808EC12F694BD700F4956A /* Core */,
				DD808EBF2F694BCD00F4956A /* Domain */,
				DD808EC02F694BD300F4956A /* Data */,
				DD808EBE2F694BC600F4956A /* Presentation */,
				DD9F68DC2F6ACC8B001952F6 /* Intents */,
				DD808EBD2F694BBB00F4956A /* Resources */,
			);
			path = "Dozy AI";
			sourceTree = "<group>";
		};
		DD808EB62F694B2C00F4956A /* Dozy AITests */ = {
			isa = PBXGroup;
			children = (
				DD808EB52F694B2C00F4956A /* Dozy_AITests.swift */,
			);
			path = "Dozy AITests";
			sourceTree = "<group>";
		};
		DD808EBA2F694B2F00F4956A /* Dozy AIUITests */ = {
			isa = PBXGroup;
			children = (
				DD808EB82F694B2F00F4956A /* Dozy_AIUITests.swift */,
				DD808EB92F694B2F00F4956A /* Dozy_AIUITestsLaunchTests.swift */,
			);
			path = "Dozy AIUITests";
			sourceTree = "<group>";
		};
		DD808EBD2F694BBB00F4956A /* Resources */ = {
			isa = PBXGroup;
			children = (
				DD808EAE2F694B2A00F4956A /* Assets.xcassets */,
				DD9F694C2F6AD252001952F6 /* CoreML */,
				DD9F694D2F6AD2CF001952F6 /* Localizable.strings */,
			);
			path = Resources;
			sourceTree = "<group>";
		};
		DD808EBE2F694BC600F4956A /* Presentation */ = {
			isa = PBXGroup;
			children = (
				F619D97F2F7A3CC200084C61 /* Calendar */,
				F619D97C2F7A3BEC00084C61 /* Main */,
				DD808ECF2F694C4800F4956A /* Components */,
				DD9F69272F6AD062001952F6 /* DailySummary */,
				DD808ED22F694C6000F4956A /* Home */,
				DD9F692C2F6AD08B001952F6 /* WorkLog */,
				DD9F69332F6AD0CC001952F6 /* VoiceInput */,
				DD9F69382F6AD160001952F6 /* Insights */,
				F619D95D2F7528A300084C61 /* Settings */,
			);
			path = Presentation;
			sourceTree = "<group>";
		};
		DD808EBF2F694BCD00F4956A /* Domain */ = {
			isa = PBXGroup;
			children = (
				DD808ECC2F694C3500F4956A /* Models */,
				DD9F68F72F6ACD92001952F6 /* UseCases */,
				DD9F69002F6ACE3C001952F6 /* Protocols */,
			);
			path = Domain;
			sourceTree = "<group>";
		};
		DD808EC02F694BD300F4956A /* Data */ = {
			isa = PBXGroup;
			children = (
				DD9F69092F6ACEAB001952F6 /* Repositories */,
				DD9F690E2F6ACEF2001952F6 /* Services */,
				DD9F69192F6ACF5B001952F6 /* Persistence */,
				DD9F69222F6ACFF2001952F6 /* DTO */,
			);
			path = Data;
			sourceTree = "<group>";
		};
		DD808EC12F694BD700F4956A /* Core */ = {
			isa = PBXGroup;
			children = (
				DD9F68DF2F6ACCD2001952F6 /* DI */,
				DD808EC62F694C0300F4956A /* Extensions */,
				DD9F68E02F6ACCD9001952F6 /* Utilities */,
			);
			path = Core;
			sourceTree = "<group>";
		};
		DD808EC22F694BDC00F4956A /* App */ = {
			isa = PBXGroup;
			children = (
				DD808EB02F694B2A00F4956A /* Dozy_AIApp.swift */,
				DD9F68DD2F6ACCB2001952F6 /* AppDelegate.swift */,
			);
			path = App;
			sourceTree = "<group>";
		};
		DD808EC62F694C0300F4956A /* Extensions */ = {
			isa = PBXGroup;
			children = (
				DD9F68E32F6ACD08001952F6 /* Date+Extensions.swift */,
				DD9F68E52F6ACD14001952F6 /* String+Extensions.swift */,
				DD9F68E72F6ACD20001952F6 /* Publisher+Extensions.swift */,
				F619D9622F79F60400084C61 /* UIApplication+TopVC.swift */,
				F619D98A2F7A4C8400084C61 /* Color+Hex.swift */,
			);
			path = Extensions;
			sourceTree = "<group>";
		};
		DD808ECC2F694C3500F4956A /* Models */ = {
			isa = PBXGroup;
			children = (
				DD9F68ED2F6ACD5B001952F6 /* WorkLog.swift */,
				DD9F68EF2F6ACD62001952F6 /* TaskItem.swift */,
				DD9F68F12F6ACD74001952F6 /* CalendarEvent.swift */,
				F619D94E2F75122300084C61 /* CalendarSource.swift */,
				DD9F68F32F6ACD80001952F6 /* DailySummary.swift */,
				DD9F68F52F6ACD8C001952F6 /* UserPattern.swift */,
				F619D96A2F7A344900084C61 /* DozyEvent.swift */,
				F65068202F7D072E00F9C124 /* CalendarEventEditRequest.swift */,
				F65068222F7D076200F9C124 /* EventCompletion.swift */,
			);
			path = Models;
			sourceTree = "<group>";
		};
		DD808ECF2F694C4800F4956A /* Components */ = {
			isa = PBXGroup;
			children = (
				DD9F693D2F6AD1CD001952F6 /* TaskCard.swift */,
				DD9F693F2F6AD1D5001952F6 /* SummaryCard.swift */,
				DD9F69412F6AD1DE001952F6 /* PatternChart.swift */,
				DD9F69432F6AD1EB001952F6 /* VoiceWaveformView.swift */,
				F6BC59902F7396450090DF3A /* File.swift */,
				F6BC59922F73977B0090DF3A /* SectionHeader.swift */,
				F6BC59942F7399E90090DF3A /* EventRow.swift */,
				F6BC59962F739B010090DF3A /* TaskRow.swift */,
				F6BC59982F739B470090DF3A /* RecentLogRow.swift */,
				F619D9432F74AF0100084C61 /* MetaChip.swift */,
				F619D9682F7A170E00084C61 /* FilterTab.swift */,
				F616DCD62F7B625700FA0476 /* BannerView.swift */,
				F616DCD82F7B83DD00FA0476 /* HomeTabBar.swift */,
			);
			path = Components;
			sourceTree = "<group>";
		};
		DD808ED22F694C6000F4956A /* Home */ = {
			isa = PBXGroup;
			children = (
				DD808ED32F694C6F00F4956A /* HomeView.swift */,
				DD808ED52F694C7800F4956A /* HomeViewModel.swift */,
			);
			path = Home;
			sourceTree = "<group>";
		};
		DD9F68DC2F6ACC8B001952F6 /* Intents */ = {
			isa = PBXGroup;
			children = (
				DD9F69452F6AD21C001952F6 /* DozyAppIntents.swift */,
				DD9F69472F6AD22B001952F6 /* LogWorkShortcut.swift */,
				DD9F69492F6AD239001952F6 /* SummarizeShortcut.swift */,
			);
			path = Intents;
			sourceTree = "<group>";
		};
		DD9F68DF2F6ACCD2001952F6 /* DI */ = {
			isa = PBXGroup;
			children = (
				DD9F68E12F6ACCF4001952F6 /* DependencyContainer.swift */,
			);
			path = DI;
			sourceTree = "<group>";
		};
		DD9F68E02F6ACCD9001952F6 /* Utilities */ = {
			isa = PBXGroup;
			children = (
				DD9F68E92F6ACD2E001952F6 /* Logger.swift */,
				DD9F68EB2F6ACD36001952F6 /* Constants.swift */,
				DD44DDD22F72C44100EEE463 /* DozyError.swift */,
			);
			path = Utilities;
			sourceTree = "<group>";
		};
		DD9F68F72F6ACD92001952F6 /* UseCases */ = {
			isa = PBXGroup;
			children = (
				DD9F68F82F6ACDAD001952F6 /* GenerateDailySummaryUseCase.swift */,
				DD9F68FA2F6ACE0A001952F6 /* FetchCalendarEventsUseCase.swift */,
				DD9F68FC2F6ACE25001952F6 /* AnalyzeWorkPatternUseCase.swift */,
				DD9F68FE2F6ACE34001952F6 /* RecommendNextTaskUseCase.swift */,
				F619D96E2F7A35BA00084C61 /* FetchCalendarEventUseCase.swift */,
				F619D9702F7A360D00084C61 /* FetchDozyEventsUseCase.swift */,
				F619D9722F7A36C600084C61 /* CreateDozyEventUseCase.swift */,
				F619D9742F7A371900084C61 /* UpdateDozyEventUseCase.swift */,
				F619D9762F7A374D00084C61 /* DeleteDozyEventUseCase.swift */,
				F616DCEB2F7CB01400FA0476 /* ScheduleNotificationUseCase.swift */,
				F616DCED2F7CB0C800FA0476 /* CancelNotificationUseCase.swift */,
				F650681A2F7CDAFB00F9C124 /* ToggleDozyEventCompletionUseCase.swift */,
				F65068282F7D081B00F9C124 /* UpdateCalendarEventUseCase.swift */,
				F650682A2F7D086B00F9C124 /* DeleteCalendarEventUseCase.swift */,
				F650682C2F7D08A000F9C124 /* ToggleCalendarEventCompletionUseCase.swift */,
				F650682E2F7D092E00F9C124 /* FetchEventCompletionsUseCase.swift */,
			);
			path = UseCases;
			sourceTree = "<group>";
		};
		DD9F69002F6ACE3C001952F6 /* Protocols */ = {
			isa = PBXGroup;
			children = (
				DD9F69012F6ACE5C001952F6 /* CalendarServiceProtocol.swift */,
				DD9F69032F6ACE69001952F6 /* ReminderServiceProtocol.swift */,
				DD9F69052F6ACE74001952F6 /* AIServiceProtocol.swift */,
				DD9F69072F6ACE7E001952F6 /* SpeechServiceProtocol.swift */,
				DD44DDD42F72C73000EEE463 /* WorkLogRepositoryProtocol.swift */,
				F619D96C2F7A355C00084C61 /* DozyEventRepositoryProtocol.swift */,
				F616DCE92F7CAFA400FA0476 /* NotificationServiceProtocol.swift */,
				F65068242F7D07AC00F9C124 /* EventCompletionRepositoryProtocol.swift */,
				F65068262F7D07E100F9C124 /* CalendarWriteServiceProtocol.swift */,
			);
			path = Protocols;
			sourceTree = "<group>";
		};
		DD9F69092F6ACEAB001952F6 /* Repositories */ = {
			isa = PBXGroup;
			children = (
				DD9F690A2F6ACEC2001952F6 /* WorkLogRepository.swift */,
				DD9F690C2F6ACEEB001952F6 /* UserPatternRepository.swift */,
				F619D9782F7A378F00084C61 /* DozyEventRepository.swift */,
				F65068302F7D115300F9C124 /* EventCompletionRepository.swift */,
			);
			path = Repositories;
			sourceTree = "<group>";
		};
		DD9F690E2F6ACEF2001952F6 /* Services */ = {
			isa = PBXGroup;
			children = (
				DD9F690F2F6ACF04001952F6 /* CalendarService.swift */,
				F619D9592F7525DB00084C61 /* CalendarSourceManager.swift */,
				F619D9572F75219200084C61 /* GoogleCalendarService.swift */,
				F619D9552F751F7D00084C61 /* GoogleSignInService.swift */,
				DD9F69112F6ACF2B001952F6 /* ReminderService.swift */,
				DD9F69132F6ACF33001952F6 /* AIService.swift */,
				DD9F69152F6ACF3B001952F6 /* SpeechService.swift */,
				DD9F69172F6ACF52001952F6 /* PatternAnalysisService.swift */,
				F619D93F2F73B0A700084C61 /* AIPromptBuilder.swift */,
				F619D9412F73B38B00084C61 /* AIResponseParser.swift */,
				F619D95B2F75271600084C61 /* CompositeCalendarSerivce.swift */,
				F619D97A2F7A3A6000084C61 /* DozyCalendarService.swift */,
				F616DCD02F7B448300FA0476 /* NaverSignInService.swift */,
				F616DCD42F7B49AE00FA0476 /* NaverCalendarService.swift */,
				F616DCEF2F7CB13B00FA0476 /* NotificationService.swift */,
			);
			path = Services;
			sourceTree = "<group>";
		};
		DD9F69192F6ACF5B001952F6 /* Persistence */ = {
			isa = PBXGroup;
			children = (
				DD9F691A2F6ACF74001952F6 /* SwiftDataContainer.swift */,
				DD9F691C2F6ACF7F001952F6 /* SchemaV1.swift */,
			);
			path = Persistence;
			sourceTree = "<group>";
		};
		DD9F69222F6ACFF2001952F6 /* DTO */ = {
			isa = PBXGroup;
			children = (
				DD9F69212F6ACFF2001952F6 /* CalendarEventDTO.swift */,
				DD9F69242F6ACFFD001952F6 /* WorkLogDTO.swift */,
				F619D9532F751CB100084C61 /* GoogleCalendarDTO.swift */,
				F616DCD22F7B449700FA0476 /* NaverCalendarListResponse.swift */,
			);
			path = DTO;
			sourceTree = "<group>";
		};
		DD9F69272F6AD062001952F6 /* DailySummary */ = {
			isa = PBXGroup;
			children = (
				DD9F69282F6AD073001952F6 /* DailySummaryView.swift */,
				DD9F692A2F6AD082001952F6 /* DailySummaryViewModel.swift */,
			);
			path = DailySummary;
			sourceTree = "<group>";
		};
		DD9F692C2F6AD08B001952F6 /* WorkLog */ = {
			isa = PBXGroup;
			children = (
				DD9F692D2F6AD0A1001952F6 /* WorkLogListView.swift */,
				DD9F692F2F6AD0B1001952F6 /* WorkLogDetailView.swift */,
				DD9F69312F6AD0BF001952F6 /* WorkLogViewModel.swift */,
			);
			path = WorkLog;
			sourceTree = "<group>";
		};
		DD9F69332F6AD0CC001952F6 /* VoiceInput */ = {
			isa = PBXGroup;
			children = (
				DD9F69342F6AD144001952F6 /* VoiceInputView.swift */,
				DD9F69362F6AD14D001952F6 /* VoiceInputViewModel.swift */,
			);
			path = VoiceInput;
			sourceTree = "<group>";
		};
		DD9F69382F6AD160001952F6 /* Insights */ = {
			isa = PBXGroup;
			children = (
				F65068362F7E533200F9C124 /* InsightDashboardView.swift */,
				F65068382F7E536700F9C124 /* InsightDashboardViewModel.swift */,
			);
			path = Insights;
			sourceTree = "<group>";
		};
		DD9F694C2F6AD252001952F6 /* CoreML */ = {
			isa = PBXGroup;
			children = (
			);
			path = CoreML;
			sourceTree = "<group>";
		};
		F619D9522F75194A00084C61 /* Config */ = {
			isa = PBXGroup;
			children = (
				F619D9642F7A0CF400084C61 /* Secrets.xcconfig */,
				F619D9652F7A0CF400084C61 /* Secrets.xcconfig.template */,
			);
			path = Config;
			sourceTree = "<group>";
		};
		F619D95D2F7528A300084C61 /* Settings */ = {
			isa = PBXGroup;
			children = (
				F619D95E2F7528C600084C61 /* CalendarSettingsViewModel.swift */,
				F619D9602F752B4D00084C61 /* CalendarSettingsView.swift */,
			);
			path = Settings;
			sourceTree = "<group>";
		};
		F619D97C2F7A3BEC00084C61 /* Main */ = {
			isa = PBXGroup;
			children = (
				F619D97D2F7A3BF600084C61 /* MainTabView.swift */,
			);
			path = Main;
			sourceTree = "<group>";
		};
		F619D97F2F7A3CC200084C61 /* Calendar */ = {
			isa = PBXGroup;
			children = (
				F619D9842F7A43DF00084C61 /* CalendarView.swift */,
				F619D9802F7A3CD100084C61 /* CalendarViewModel.swift */,
				F619D9822F7A422900084C61 /* DayCell.swift */,
				F619D9862F7A4A1400084C61 /* EventEditViewModel.swift */,
				F619D9882F7A4ADD00084C61 /* EventEditView.swift */,
				F616DCF12F7CBA0100FA0476 /* EventDetailView.swift */,
				F650681C2F7CF09200F9C124 /* WeekGridView.swift */,
				F650681E2F7CF1B400F9C124 /* DayTimelineView.swift */,
				F65068322F7DEA9200F9C124 /* CalendarEventEditView.swift */,
				F65068342F7DFB6600F9C124 /* MonthWeekRowView.swift */,
			);
			path = Calendar;
			sourceTree = "<group>";
		};
/* End PBXGroup section */

/* Begin PBXNativeTarget section */
		DD808E832F694B2100F4956A /* Dozy AI */ = {
			isa = PBXNativeTarget;
			buildConfigurationList = DD808EA52F694B2200F4956A /* Build configuration list for PBXNativeTarget "Dozy AI" */;
			buildPhases = (
				DD808E802F694B2100F4956A /* Sources */,
				DD808E812F694B2100F4956A /* Frameworks */,
				DD808E822F694B2100F4956A /* Resources */,
			);
			buildRules = (
			);
			dependencies = (
			);
			name = "Dozy AI";
			packageProductDependencies = (
				F619D94A2F75113C00084C61 /* GoogleSignIn */,
				F619D94C2F75113C00084C61 /* GoogleSignInSwift */,
				F616DCCE2F7A698800FA0476 /* NaverThirdPartyLogin */,
			);
			productName = "Dozy AI";
			productReference = DD808E842F694B2100F4956A /* Dozy AI.app */;
			productType = "com.apple.product-type.application";
		};
		DD808E902F694B2200F4956A /* Dozy AITests */ = {
			isa = PBXNativeTarget;
			buildConfigurationList = DD808EA82F694B2200F4956A /* Build configuration list for PBXNativeTarget "Dozy AITests" */;
			buildPhases = (
				DD808E8D2F694B2200F4956A /* Sources */,
				DD808E8E2F694B2200F4956A /* Frameworks */,
				DD808E8F2F694B2200F4956A /* Resources */,
			);
			buildRules = (
			);
			dependencies = (
				DD808E932F694B2200F4956A /* PBXTargetDependency */,
			);
			name = "Dozy AITests";
			packageProductDependencies = (
			);
			productName = "Dozy AITests";
			productReference = DD808E912F694B2200F4956A /* Dozy AITests.xctest */;
			productType = "com.apple.product-type.bundle.unit-test";
		};
		DD808E9A2F694B2200F4956A /* Dozy AIUITests */ = {
			isa = PBXNativeTarget;
			buildConfigurationList = DD808EAB2F694B2200F4956A /* Build configuration list for PBXNativeTarget "Dozy AIUITests" */;
			buildPhases = (
				DD808E972F694B2200F4956A /* Sources */,
				DD808E982F694B2200F4956A /* Frameworks */,
				DD808E992F694B2200F4956A /* Resources */,
			);
			buildRules = (
			);
			dependencies = (
				DD808E9D2F694B2200F4956A /* PBXTargetDependency */,
			);
			name = "Dozy AIUITests";
			packageProductDependencies = (
			);
			productName = "Dozy AIUITests";
			productReference = DD808E9B2F694B2200F4956A /* Dozy AIUITests.xctest */;
			productType = "com.apple.product-type.bundle.ui-testing";
		};
/* End PBXNativeTarget section */

/* Begin PBXProject section */
		DD808E7C2F694B2100F4956A /* Project object */ = {
			isa = PBXProject;
			attributes = {
				BuildIndependentTargetsInParallel = 1;
				LastSwiftUpdateCheck = 2610;
				LastUpgradeCheck = 2610;
				TargetAttributes = {
					DD808E832F694B2100F4956A = {
						CreatedOnToolsVersion = 26.1.1;
					};
					DD808E902F694B2200F4956A = {
						CreatedOnToolsVersion = 26.1.1;
						TestTargetID = DD808E832F694B2100F4956A;
					};
					DD808E9A2F694B2200F4956A = {
						CreatedOnToolsVersion = 26.1.1;
						TestTargetID = DD808E832F694B2100F4956A;
					};
				};
			};
			buildConfigurationList = DD808E7F2F694B2100F4956A /* Build configuration list for PBXProject "Dozy AI" */;
			developmentRegion = en;
			hasScannedForEncodings = 0;
			knownRegions = (
				en,
				Base,
			);
			mainGroup = DD808E7B2F694B2100F4956A;
			minimizedProjectReferenceProxies = 1;
			packageReferences = (
				F619D9492F75113C00084C61 /* XCRemoteSwiftPackageReference "GoogleSignIn-iOS" */,
				F616DCCD2F7A698800FA0476 /* XCRemoteSwiftPackageReference "naveridlogin-sdk-ios" */,
			);
			preferredProjectObjectVersion = 77;
			productRefGroup = DD808E852F694B2100F4956A /* Products */;
			projectDirPath = "";
			projectRoot = "";
			targets = (
				DD808E832F694B2100F4956A /* Dozy AI */,
				DD808E902F694B2200F4956A /* Dozy AITests */,
				DD808E9A2F694B2200F4956A /* Dozy AIUITests */,
			);
		};
/* End PBXProject section */

/* Begin PBXResourcesBuildPhase section */
		DD808E822F694B2100F4956A /* Resources */ = {
			isa = PBXResourcesBuildPhase;
			buildActionMask = 2147483647;
			files = (
				DD808EB42F694B2A00F4956A /* Assets.xcassets in Resources */,
				F619D9512F75192800084C61 /* .gitignore in Resources */,
				DD9F694E2F6AD2CF001952F6 /* Localizable.strings in Resources */,
				F619D9662F7A0CF400084C61 /* Secrets.xcconfig.template in Resources */,
				F619D9672F7A0CF400084C61 /* Secrets.xcconfig in Resources */,
			);
			runOnlyForDeploymentPostprocessing = 0;
		};
		DD808E8F2F694B2200F4956A /* Resources */ = {
			isa = PBXResourcesBuildPhase;
			buildActionMask = 2147483647;
			files = (
			);
			runOnlyForDeploymentPostprocessing = 0;
		};
		DD808E992F694B2200F4956A /* Resources */ = {
			isa = PBXResourcesBuildPhase;
			buildActionMask = 2147483647;
			files = (
			);
			runOnlyForDeploymentPostprocessing = 0;
		};
/* End PBXResourcesBuildPhase section */

/* Begin PBXSourcesBuildPhase section */
		DD808E802F694B2100F4956A /* Sources */ = {
			isa = PBXSourcesBuildPhase;
			buildActionMask = 2147483647;
			files = (
				DD9F69042F6ACE69001952F6 /* ReminderServiceProtocol.swift in Sources */,
				DD9F68F42F6ACD80001952F6 /* DailySummary.swift in Sources */,
				F619D9792F7A378F00084C61 /* DozyEventRepository.swift in Sources */,
				DD9F692B2F6AD082001952F6 /* DailySummaryViewModel.swift in Sources */,
				F6BC59972F739B010090DF3A /* TaskRow.swift in Sources */,
				DD9F69252F6ACFFD001952F6 /* WorkLogDTO.swift in Sources */,
				DD9F68FF2F6ACE34001952F6 /* RecommendNextTaskUseCase.swift in Sources */,
				DD9F69352F6AD144001952F6 /* VoiceInputView.swift in Sources */,
				F619D9692F7A170E00084C61 /* FilterTab.swift in Sources */,
				F650681F2F7CF1B400F9C124 /* DayTimelineView.swift in Sources */,
				DD9F68F02F6ACD62001952F6 /* TaskItem.swift in Sources */,
				F619D9772F7A374D00084C61 /* DeleteDozyEventUseCase.swift in Sources */,
				F619D9712F7A360D00084C61 /* FetchDozyEventsUseCase.swift in Sources */,
				DD9F68E62F6ACD14001952F6 /* String+Extensions.swift in Sources */,
				DD9F69402F6AD1D5001952F6 /* SummaryCard.swift in Sources */,
				F650681D2F7CF09200F9C124 /* WeekGridView.swift in Sources */,
				DD9F69232F6ACFF2001952F6 /* CalendarEventDTO.swift in Sources */,
				DD808ED62F694C7800F4956A /* HomeViewModel.swift in Sources */,
				F6BC59952F7399E90090DF3A /* EventRow.swift in Sources */,
				DD9F69082F6ACE7E001952F6 /* SpeechServiceProtocol.swift in Sources */,
				F619D9892F7A4ADD00084C61 /* EventEditView.swift in Sources */,
				F650682B2F7D086B00F9C124 /* DeleteCalendarEventUseCase.swift in Sources */,
				DD9F69322F6AD0BF001952F6 /* WorkLogViewModel.swift in Sources */,
				F619D97E2F7A3BF600084C61 /* MainTabView.swift in Sources */,
				DD9F692E2F6AD0A1001952F6 /* WorkLogListView.swift in Sources */,
				F619D96B2F7A344900084C61 /* DozyEvent.swift in Sources */,
				F619D94F2F75122300084C61 /* CalendarSource.swift in Sources */,
				DD9F69122F6ACF2B001952F6 /* ReminderService.swift in Sources */,
				F619D9812F7A3CD100084C61 /* CalendarViewModel.swift in Sources */,
				DD9F69302F6AD0B1001952F6 /* WorkLogDetailView.swift in Sources */,
				F619D9612F752B4D00084C61 /* CalendarSettingsView.swift in Sources */,
				F616DCD52F7B49AE00FA0476 /* NaverCalendarService.swift in Sources */,
				DD9F68E42F6ACD08001952F6 /* Date+Extensions.swift in Sources */,
				F619D95C2F75271600084C61 /* CompositeCalendarSerivce.swift in Sources */,
				F616DCF22F7CBA0100FA0476 /* EventDetailView.swift in Sources */,
				DD9F69292F6AD073001952F6 /* DailySummaryView.swift in Sources */,
				F619D9872F7A4A1400084C61 /* EventEditViewModel.swift in Sources */,
				F619D97B2F7A3A6000084C61 /* DozyCalendarService.swift in Sources */,
				DD9F69182F6ACF52001952F6 /* PatternAnalysisService.swift in Sources */,
				F616DCD12F7B448300FA0476 /* NaverSignInService.swift in Sources */,
				DD9F69372F6AD14D001952F6 /* VoiceInputViewModel.swift in Sources */,
				DD9F694A2F6AD239001952F6 /* SummarizeShortcut.swift in Sources */,
				F619D9852F7A43DF00084C61 /* CalendarView.swift in Sources */,
				DD808EB32F694B2A00F4956A /* Dozy_AIApp.swift in Sources */,
				DD9F69482F6AD22B001952F6 /* LogWorkShortcut.swift in Sources */,
				DD9F69022F6ACE5C001952F6 /* CalendarServiceProtocol.swift in Sources */,
				F619D9732F7A36C600084C61 /* CreateDozyEventUseCase.swift in Sources */,
				F65068272F7D07E100F9C124 /* CalendarWriteServiceProtocol.swift in Sources */,
				F619D9402F73B0A700084C61 /* AIPromptBuilder.swift in Sources */,
				F619D96F2F7A35BA00084C61 /* FetchCalendarEventUseCase.swift in Sources */,
				F6BC59992F739B470090DF3A /* RecentLogRow.swift in Sources */,
				DD9F68E22F6ACCF4001952F6 /* DependencyContainer.swift in Sources */,
				DD9F693E2F6AD1CD001952F6 /* TaskCard.swift in Sources */,
				F65068212F7D072E00F9C124 /* CalendarEventEditRequest.swift in Sources */,
				F65068292F7D081B00F9C124 /* UpdateCalendarEventUseCase.swift in Sources */,
				DD9F69442F6AD1EB001952F6 /* VoiceWaveformView.swift in Sources */,
				F616DCD72F7B625700FA0476 /* BannerView.swift in Sources */,
				F619D9442F74AF0100084C61 /* MetaChip.swift in Sources */,
				F616DCD92F7B83DD00FA0476 /* HomeTabBar.swift in Sources */,
				F65068352F7DFB6600F9C124 /* MonthWeekRowView.swift in Sources */,
				F616DCEC2F7CB01400FA0476 /* ScheduleNotificationUseCase.swift in Sources */,
				F619D98B2F7A4C8400084C61 /* Color+Hex.swift in Sources */,
				DD9F69062F6ACE74001952F6 /* AIServiceProtocol.swift in Sources */,
				DD9F68FB2F6ACE0A001952F6 /* FetchCalendarEventsUseCase.swift in Sources */,
				DD9F68EA2F6ACD2E001952F6 /* Logger.swift in Sources */,
				DD9F68F22F6ACD74001952F6 /* CalendarEvent.swift in Sources */,
				F65068232F7D076200F9C124 /* EventCompletion.swift in Sources */,
				DD808ED42F694C6F00F4956A /* HomeView.swift in Sources */,
				DD9F69142F6ACF33001952F6 /* AIService.swift in Sources */,
				DD9F69462F6AD21C001952F6 /* DozyAppIntents.swift in Sources */,
				F619D9562F751F7D00084C61 /* GoogleSignInService.swift in Sources */,
				DD9F690D2F6ACEEB001952F6 /* UserPatternRepository.swift in Sources */,
				F650681B2F7CDAFB00F9C124 /* ToggleDozyEventCompletionUseCase.swift in Sources */,
				F65068332F7DEA9200F9C124 /* CalendarEventEditView.swift in Sources */,
				DD9F69102F6ACF04001952F6 /* CalendarService.swift in Sources */,
				DD9F68EC2F6ACD36001952F6 /* Constants.swift in Sources */,
				DD9F68F92F6ACDAD001952F6 /* GenerateDailySummaryUseCase.swift in Sources */,
				F650682F2F7D092E00F9C124 /* FetchEventCompletionsUseCase.swift in Sources */,
				DD9F69162F6ACF3B001952F6 /* SpeechService.swift in Sources */,
				F65068372F7E533200F9C124 /* InsightDashboardView.swift in Sources */,
				F619D95F2F7528C600084C61 /* CalendarSettingsViewModel.swift in Sources */,
				DD9F68EE2F6ACD5B001952F6 /* WorkLog.swift in Sources */,
				DD9F691B2F6ACF74001952F6 /* SwiftDataContainer.swift in Sources */,
				F6BC59912F7396450090DF3A /* File.swift in Sources */,
				DD9F68F62F6ACD8C001952F6 /* UserPattern.swift in Sources */,
				F619D9632F79F60400084C61 /* UIApplication+TopVC.swift in Sources */,
				F619D9832F7A422900084C61 /* DayCell.swift in Sources */,
				DD9F68FD2F6ACE25001952F6 /* AnalyzeWorkPatternUseCase.swift in Sources */,
				F619D9422F73B38B00084C61 /* AIResponseParser.swift in Sources */,
				DD44DDD32F72C44100EEE463 /* DozyError.swift in Sources */,
				F616DCD32F7B449700FA0476 /* NaverCalendarListResponse.swift in Sources */,
				DD9F68E82F6ACD20001952F6 /* Publisher+Extensions.swift in Sources */,
				DD44DDD52F72C73000EEE463 /* WorkLogRepositoryProtocol.swift in Sources */,
				F619D9542F751CB100084C61 /* GoogleCalendarDTO.swift in Sources */,
				F616DCF02F7CB13B00FA0476 /* NotificationService.swift in Sources */,
				F619D9752F7A371900084C61 /* UpdateDozyEventUseCase.swift in Sources */,
				F619D95A2F7525DB00084C61 /* CalendarSourceManager.swift in Sources */,
				DD9F691D2F6ACF7F001952F6 /* SchemaV1.swift in Sources */,
				F619D96D2F7A355C00084C61 /* DozyEventRepositoryProtocol.swift in Sources */,
				DD9F69422F6AD1DE001952F6 /* PatternChart.swift in Sources */,
				F6BC59932F73977B0090DF3A /* SectionHeader.swift in Sources */,
				DD9F68DE2F6ACCB2001952F6 /* AppDelegate.swift in Sources */,
				F616DCEE2F7CB0C800FA0476 /* CancelNotificationUseCase.swift in Sources */,
				F619D9582F75219200084C61 /* GoogleCalendarService.swift in Sources */,
				F616DCEA2F7CAFA400FA0476 /* NotificationServiceProtocol.swift in Sources */,
				F65068252F7D07AC00F9C124 /* EventCompletionRepositoryProtocol.swift in Sources */,
				F65068392F7E536700F9C124 /* InsightDashboardViewModel.swift in Sources */,
				F650682D2F7D08A000F9C124 /* ToggleCalendarEventCompletionUseCase.swift in Sources */,
				F65068312F7D115300F9C124 /* EventCompletionRepository.swift in Sources */,
				DD9F690B2F6ACEC2001952F6 /* WorkLogRepository.swift in Sources */,
			);
			runOnlyForDeploymentPostprocessing = 0;
		};
		DD808E8D2F694B2200F4956A /* Sources */ = {
			isa = PBXSourcesBuildPhase;
			buildActionMask = 2147483647;
			files = (
				DD808EB72F694B2C00F4956A /* Dozy_AITests.swift in Sources */,
			);
			runOnlyForDeploymentPostprocessing = 0;
		};
		DD808E972F694B2200F4956A /* Sources */ = {
			isa = PBXSourcesBuildPhase;
			buildActionMask = 2147483647;
			files = (
				DD808EBB2F694B2F00F4956A /* Dozy_AIUITests.swift in Sources */,
				DD808EBC2F694B2F00F4956A /* Dozy_AIUITestsLaunchTests.swift in Sources */,
			);
			runOnlyForDeploymentPostprocessing = 0;
		};
/* End PBXSourcesBuildPhase section */

/* Begin PBXTargetDependency section */
		DD808E932F694B2200F4956A /* PBXTargetDependency */ = {
			isa = PBXTargetDependency;
			target = DD808E832F694B2100F4956A /* Dozy AI */;
			targetProxy = DD808E922F694B2200F4956A /* PBXContainerItemProxy */;
		};
		DD808E9D2F694B2200F4956A /* PBXTargetDependency */ = {
			isa = PBXTargetDependency;
			target = DD808E832F694B2100F4956A /* Dozy AI */;
			targetProxy = DD808E9C2F694B2200F4956A /* PBXContainerItemProxy */;
		};
/* End PBXTargetDependency section */

/* Begin XCBuildConfiguration section */
		DD808EA32F694B2200F4956A /* Debug */ = {
			isa = XCBuildConfiguration;
			baseConfigurationReference = F619D9642F7A0CF400084C61 /* Secrets.xcconfig */;
			buildSettings = {
				ALWAYS_SEARCH_USER_PATHS = NO;
				ASSETCATALOG_COMPILER_GENERATE_SWIFT_ASSET_SYMBOL_EXTENSIONS = YES;
				CLANG_ANALYZER_NONNULL = YES;
				CLANG_ANALYZER_NUMBER_OBJECT_CONVERSION = YES_AGGRESSIVE;
				CLANG_CXX_LANGUAGE_STANDARD = "gnu++20";
				CLANG_ENABLE_MODULES = YES;
				CLANG_ENABLE_OBJC_ARC = YES;
				CLANG_ENABLE_OBJC_WEAK = YES;
				CLANG_WARN_BLOCK_CAPTURE_AUTORELEASING = YES;
				CLANG_WARN_BOOL_CONVERSION = YES;
				CLANG_WARN_COMMA = YES;
				CLANG_WARN_CONSTANT_CONVERSION = YES;
				CLANG_WARN_DEPRECATED_OBJC_IMPLEMENTATIONS = YES;
				CLANG_WARN_DIRECT_OBJC_ISA_USAGE = YES_ERROR;
				CLANG_WARN_DOCUMENTATION_COMMENTS = YES;
				CLANG_WARN_EMPTY_BODY = YES;
				CLANG_WARN_ENUM_CONVERSION = YES;
				CLANG_WARN_INFINITE_RECURSION = YES;
				CLANG_WARN_INT_CONVERSION = YES;
				CLANG_WARN_NON_LITERAL_NULL_CONVERSION = YES;
				CLANG_WARN_OBJC_IMPLICIT_RETAIN_SELF = YES;
				CLANG_WARN_OBJC_LITERAL_CONVERSION = YES;
				CLANG_WARN_OBJC_ROOT_CLASS = YES_ERROR;
				CLANG_WARN_QUOTED_INCLUDE_IN_FRAMEWORK_HEADER = YES;
				CLANG_WARN_RANGE_LOOP_ANALYSIS = YES;
				CLANG_WARN_STRICT_PROTOTYPES = YES;
				CLANG_WARN_SUSPICIOUS_MOVE = YES;
				CLANG_WARN_UNGUARDED_AVAILABILITY = YES_AGGRESSIVE;
				CLANG_WARN_UNREACHABLE_CODE = YES;
				CLANG_WARN__DUPLICATE_METHOD_MATCH = YES;
				COPY_PHASE_STRIP = NO;
				DEBUG_INFORMATION_FORMAT = dwarf;
				DEVELOPMENT_TEAM = 7DVWGZFH6N;
				ENABLE_STRICT_OBJC_MSGSEND = YES;
				ENABLE_TESTABILITY = YES;
				ENABLE_USER_SCRIPT_SANDBOXING = YES;
				GCC_C_LANGUAGE_STANDARD = gnu17;
				GCC_DYNAMIC_NO_PIC = NO;
				GCC_NO_COMMON_BLOCKS = YES;
				GCC_OPTIMIZATION_LEVEL = 0;
				GCC_PREPROCESSOR_DEFINITIONS = (
					"DEBUG=1",
					"$(inherited)",
				);
				GCC_WARN_64_TO_32_BIT_CONVERSION = YES;
				GCC_WARN_ABOUT_RETURN_TYPE = YES_ERROR;
				GCC_WARN_UNDECLARED_SELECTOR = YES;
				GCC_WARN_UNINITIALIZED_AUTOS = YES_AGGRESSIVE;
				GCC_WARN_UNUSED_FUNCTION = YES;
				GCC_WARN_UNUSED_VARIABLE = YES;
				IPHONEOS_DEPLOYMENT_TARGET = 26.1;
				LOCALIZATION_PREFERS_STRING_CATALOGS = YES;
				MTL_ENABLE_DEBUG_INFO = INCLUDE_SOURCE;
				MTL_FAST_MATH = YES;
				ONLY_ACTIVE_ARCH = YES;
				SDKROOT = iphoneos;
				SWIFT_ACTIVE_COMPILATION_CONDITIONS = "DEBUG $(inherited)";
				SWIFT_OPTIMIZATION_LEVEL = "-Onone";
			};
			name = Debug;
		};
		DD808EA42F694B2200F4956A /* Release */ = {
			isa = XCBuildConfiguration;
			baseConfigurationReference = F619D9642F7A0CF400084C61 /* Secrets.xcconfig */;
			buildSettings = {
				ALWAYS_SEARCH_USER_PATHS = NO;
				ASSETCATALOG_COMPILER_GENERATE_SWIFT_ASSET_SYMBOL_EXTENSIONS = YES;
				CLANG_ANALYZER_NONNULL = YES;
				CLANG_ANALYZER_NUMBER_OBJECT_CONVERSION = YES_AGGRESSIVE;
				CLANG_CXX_LANGUAGE_STANDARD = "gnu++20";
				CLANG_ENABLE_MODULES = YES;
				CLANG_ENABLE_OBJC_ARC = YES;
				CLANG_ENABLE_OBJC_WEAK = YES;
				CLANG_WARN_BLOCK_CAPTURE_AUTORELEASING = YES;
				CLANG_WARN_BOOL_CONVERSION = YES;
				CLANG_WARN_COMMA = YES;
				CLANG_WARN_CONSTANT_CONVERSION = YES;
				CLANG_WARN_DEPRECATED_OBJC_IMPLEMENTATIONS = YES;
				CLANG_WARN_DIRECT_OBJC_ISA_USAGE = YES_ERROR;
				CLANG_WARN_DOCUMENTATION_COMMENTS = YES;
				CLANG_WARN_EMPTY_BODY = YES;
				CLANG_WARN_ENUM_CONVERSION = YES;
				CLANG_WARN_INFINITE_RECURSION = YES;
				CLANG_WARN_INT_CONVERSION = YES;
				CLANG_WARN_NON_LITERAL_NULL_CONVERSION = YES;
				CLANG_WARN_OBJC_IMPLICIT_RETAIN_SELF = YES;
				CLANG_WARN_OBJC_LITERAL_CONVERSION = YES;
				CLANG_WARN_OBJC_ROOT_CLASS = YES_ERROR;
				CLANG_WARN_QUOTED_INCLUDE_IN_FRAMEWORK_HEADER = YES;
				CLANG_WARN_RANGE_LOOP_ANALYSIS = YES;
				CLANG_WARN_STRICT_PROTOTYPES = YES;
				CLANG_WARN_SUSPICIOUS_MOVE = YES;
				CLANG_WARN_UNGUARDED_AVAILABILITY = YES_AGGRESSIVE;
				CLANG_WARN_UNREACHABLE_CODE = YES;
				CLANG_WARN__DUPLICATE_METHOD_MATCH = YES;
				COPY_PHASE_STRIP = NO;
				DEBUG_INFORMATION_FORMAT = "dwarf-with-dsym";
				DEVELOPMENT_TEAM = 7DVWGZFH6N;
				ENABLE_NS_ASSERTIONS = NO;
				ENABLE_STRICT_OBJC_MSGSEND = YES;
				ENABLE_USER_SCRIPT_SANDBOXING = YES;
				GCC_C_LANGUAGE_STANDARD = gnu17;
				GCC_NO_COMMON_BLOCKS = YES;
				GCC_WARN_64_TO_32_BIT_CONVERSION = YES;
				GCC_WARN_ABOUT_RETURN_TYPE = YES_ERROR;
				GCC_WARN_UNDECLARED_SELECTOR = YES;
				GCC_WARN_UNINITIALIZED_AUTOS = YES_AGGRESSIVE;
				GCC_WARN_UNUSED_FUNCTION = YES;
				GCC_WARN_UNUSED_VARIABLE = YES;
				IPHONEOS_DEPLOYMENT_TARGET = 26.1;
				LOCALIZATION_PREFERS_STRING_CATALOGS = YES;
				MTL_ENABLE_DEBUG_INFO = NO;
				MTL_FAST_MATH = YES;
				SDKROOT = iphoneos;
				SWIFT_COMPILATION_MODE = wholemodule;
				VALIDATE_PRODUCT = YES;
			};
			name = Release;
		};
		DD808EA62F694B2200F4956A /* Debug */ = {
			isa = XCBuildConfiguration;
			baseConfigurationReference = F619D9642F7A0CF400084C61 /* Secrets.xcconfig */;
			buildSettings = {
				ASSETCATALOG_COMPILER_APPICON_NAME = AppIcon;
				ASSETCATALOG_COMPILER_GLOBAL_ACCENT_COLOR_NAME = AccentColor;
				CODE_SIGN_ENTITLEMENTS = "Dozy AI/Dozy AI.entitlements";
				CODE_SIGN_STYLE = Automatic;
				CURRENT_PROJECT_VERSION = 1;
				DEVELOPMENT_TEAM = 7DVWGZFH6N;
				ENABLE_PREVIEWS = YES;
				GENERATE_INFOPLIST_FILE = YES;
				INFOPLIST_FILE = "Dozy-AI-Info.plist";
				INFOPLIST_KEY_NSCalendarsFullAccessUsageDescription = "업무 일정을 분석하여 자동 일지를 생성하기 위해 캘린더 접근이 필요합니다.";
				INFOPLIST_KEY_NSMicrophoneUsageDescription = "음성 입력을 위해 마이크 접근이 필요합니다.";
				INFOPLIST_KEY_NSRemindersFullAccessUsageDescription = "완료한 할 일을 수집하여 업무 보고서에 포함하기 위해 필요합니다.";
				INFOPLIST_KEY_NSSpeechRecognitionUsageDescription = "음성으로 업무를 기록하기 위해 음성 인식이 필요합니다.";
				INFOPLIST_KEY_UIApplicationSceneManifest_Generation = YES;
				INFOPLIST_KEY_UIApplicationSupportsIndirectInputEvents = YES;
				INFOPLIST_KEY_UILaunchScreen_Generation = YES;
				INFOPLIST_KEY_UISupportedInterfaceOrientations_iPad = "UIInterfaceOrientationPortrait UIInterfaceOrientationPortraitUpsideDown UIInterfaceOrientationLandscapeLeft UIInterfaceOrientationLandscapeRight";
				INFOPLIST_KEY_UISupportedInterfaceOrientations_iPhone = "UIInterfaceOrientationPortrait UIInterfaceOrientationLandscapeLeft UIInterfaceOrientationLandscapeRight";
				IPHONEOS_DEPLOYMENT_TARGET = 17.6;
				LD_RUNPATH_SEARCH_PATHS = (
					"$(inherited)",
					"@executable_path/Frameworks",
				);
				MARKETING_VERSION = 1.0;
				PRODUCT_BUNDLE_IDENTIFIER = "com.dozy-ai.Dozy-AI";
				PRODUCT_NAME = "$(TARGET_NAME)";
				STRING_CATALOG_GENERATE_SYMBOLS = YES;
				SWIFT_APPROACHABLE_CONCURRENCY = YES;
				SWIFT_DEFAULT_ACTOR_ISOLATION = MainActor;
				SWIFT_EMIT_LOC_STRINGS = YES;
				SWIFT_UPCOMING_FEATURE_MEMBER_IMPORT_VISIBILITY = YES;
				SWIFT_VERSION = 5.0;
				TARGETED_DEVICE_FAMILY = "1,2";
			};
			name = Debug;
		};
		DD808EA72F694B2200F4956A /* Release */ = {
			isa = XCBuildConfiguration;
			baseConfigurationReference = F619D9642F7A0CF400084C61 /* Secrets.xcconfig */;
			buildSettings = {
				ASSETCATALOG_COMPILER_APPICON_NAME = AppIcon;
				ASSETCATALOG_COMPILER_GLOBAL_ACCENT_COLOR_NAME = AccentColor;
				CODE_SIGN_ENTITLEMENTS = "Dozy AI/Dozy AI.entitlements";
				CODE_SIGN_STYLE = Automatic;
				CURRENT_PROJECT_VERSION = 1;
				DEVELOPMENT_TEAM = 7DVWGZFH6N;
				ENABLE_PREVIEWS = YES;
				GENERATE_INFOPLIST_FILE = YES;
				INFOPLIST_FILE = "Dozy-AI-Info.plist";
				INFOPLIST_KEY_NSCalendarsFullAccessUsageDescription = "업무 일정을 분석하여 자동 일지를 생성하기 위해 캘린더 접근이 필요합니다.";
				INFOPLIST_KEY_NSMicrophoneUsageDescription = "음성 입력을 위해 마이크 접근이 필요합니다.";
				INFOPLIST_KEY_NSRemindersFullAccessUsageDescription = "완료한 할 일을 수집하여 업무 보고서에 포함하기 위해 필요합니다.";
				INFOPLIST_KEY_NSSpeechRecognitionUsageDescription = "음성으로 업무를 기록하기 위해 음성 인식이 필요합니다.";
				INFOPLIST_KEY_UIApplicationSceneManifest_Generation = YES;
				INFOPLIST_KEY_UIApplicationSupportsIndirectInputEvents = YES;
				INFOPLIST_KEY_UILaunchScreen_Generation = YES;
				INFOPLIST_KEY_UISupportedInterfaceOrientations_iPad = "UIInterfaceOrientationPortrait UIInterfaceOrientationPortraitUpsideDown UIInterfaceOrientationLandscapeLeft UIInterfaceOrientationLandscapeRight";
				INFOPLIST_KEY_UISupportedInterfaceOrientations_iPhone = "UIInterfaceOrientationPortrait UIInterfaceOrientationLandscapeLeft UIInterfaceOrientationLandscapeRight";
				IPHONEOS_DEPLOYMENT_TARGET = 17.6;
				LD_RUNPATH_SEARCH_PATHS = (
					"$(inherited)",
					"@executable_path/Frameworks",
				);
				MARKETING_VERSION = 1.0;
				PRODUCT_BUNDLE_IDENTIFIER = "com.dozy-ai.Dozy-AI";
				PRODUCT_NAME = "$(TARGET_NAME)";
				STRING_CATALOG_GENERATE_SYMBOLS = YES;
				SWIFT_APPROACHABLE_CONCURRENCY = YES;
				SWIFT_DEFAULT_ACTOR_ISOLATION = MainActor;
				SWIFT_EMIT_LOC_STRINGS = YES;
				SWIFT_UPCOMING_FEATURE_MEMBER_IMPORT_VISIBILITY = YES;
				SWIFT_VERSION = 5.0;
				TARGETED_DEVICE_FAMILY = "1,2";
			};
			name = Release;
		};
		DD808EA92F694B2200F4956A /* Debug */ = {
			isa = XCBuildConfiguration;
			buildSettings = {
				BUNDLE_LOADER = "$(TEST_HOST)";
				CODE_SIGN_STYLE = Automatic;
				CURRENT_PROJECT_VERSION = 1;
				DEVELOPMENT_TEAM = 7DVWGZFH6N;
				GENERATE_INFOPLIST_FILE = YES;
				IPHONEOS_DEPLOYMENT_TARGET = 26.1;
				MARKETING_VERSION = 1.0;
				PRODUCT_BUNDLE_IDENTIFIER = "com.dozy-ai.Dozy-AITests";
				PRODUCT_NAME = "$(TARGET_NAME)";
				STRING_CATALOG_GENERATE_SYMBOLS = NO;
				SWIFT_APPROACHABLE_CONCURRENCY = YES;
				SWIFT_EMIT_LOC_STRINGS = NO;
				SWIFT_UPCOMING_FEATURE_MEMBER_IMPORT_VISIBILITY = YES;
				SWIFT_VERSION = 5.0;
				TARGETED_DEVICE_FAMILY = "1,2";
				TEST_HOST = "$(BUILT_PRODUCTS_DIR)/Dozy AI.app/$(BUNDLE_EXECUTABLE_FOLDER_PATH)/Dozy AI";
			};
			name = Debug;
		};
		DD808EAA2F694B2200F4956A /* Release */ = {
			isa = XCBuildConfiguration;
			buildSettings = {
				BUNDLE_LOADER = "$(TEST_HOST)";
				CODE_SIGN_STYLE = Automatic;
				CURRENT_PROJECT_VERSION = 1;
				DEVELOPMENT_TEAM = 7DVWGZFH6N;
				GENERATE_INFOPLIST_FILE = YES;
				IPHONEOS_DEPLOYMENT_TARGET = 26.1;
				MARKETING_VERSION = 1.0;
				PRODUCT_BUNDLE_IDENTIFIER = "com.dozy-ai.Dozy-AITests";
				PRODUCT_NAME = "$(TARGET_NAME)";
				STRING_CATALOG_GENERATE_SYMBOLS = NO;
				SWIFT_APPROACHABLE_CONCURRENCY = YES;
				SWIFT_EMIT_LOC_STRINGS = NO;
				SWIFT_UPCOMING_FEATURE_MEMBER_IMPORT_VISIBILITY = YES;
				SWIFT_VERSION = 5.0;
				TARGETED_DEVICE_FAMILY = "1,2";
				TEST_HOST = "$(BUILT_PRODUCTS_DIR)/Dozy AI.app/$(BUNDLE_EXECUTABLE_FOLDER_PATH)/Dozy AI";
			};
			name = Release;
		};
		DD808EAC2F694B2200F4956A /* Debug */ = {
			isa = XCBuildConfiguration;
			buildSettings = {
				CODE_SIGN_STYLE = Automatic;
				CURRENT_PROJECT_VERSION = 1;
				DEVELOPMENT_TEAM = 7DVWGZFH6N;
				GENERATE_INFOPLIST_FILE = YES;
				MARKETING_VERSION = 1.0;
				PRODUCT_BUNDLE_IDENTIFIER = "com.dozy-ai.Dozy-AIUITests";
				PRODUCT_NAME = "$(TARGET_NAME)";
				STRING_CATALOG_GENERATE_SYMBOLS = NO;
				SWIFT_APPROACHABLE_CONCURRENCY = YES;
				SWIFT_EMIT_LOC_STRINGS = NO;
				SWIFT_UPCOMING_FEATURE_MEMBER_IMPORT_VISIBILITY = YES;
				SWIFT_VERSION = 5.0;
				TARGETED_DEVICE_FAMILY = "1,2";
				TEST_TARGET_NAME = "Dozy AI";
			};
			name = Debug;
		};
		DD808EAD2F694B2200F4956A /* Release */ = {
			isa = XCBuildConfiguration;
			buildSettings = {
				CODE_SIGN_STYLE = Automatic;
				CURRENT_PROJECT_VERSION = 1;
				DEVELOPMENT_TEAM = 7DVWGZFH6N;
				GENERATE_INFOPLIST_FILE = YES;
				MARKETING_VERSION = 1.0;
				PRODUCT_BUNDLE_IDENTIFIER = "com.dozy-ai.Dozy-AIUITests";
				PRODUCT_NAME = "$(TARGET_NAME)";
				STRING_CATALOG_GENERATE_SYMBOLS = NO;
				SWIFT_APPROACHABLE_CONCURRENCY = YES;
				SWIFT_EMIT_LOC_STRINGS = NO;
				SWIFT_UPCOMING_FEATURE_MEMBER_IMPORT_VISIBILITY = YES;
				SWIFT_VERSION = 5.0;
				TARGETED_DEVICE_FAMILY = "1,2";
				TEST_TARGET_NAME = "Dozy AI";
			};
			name = Release;
		};
/* End XCBuildConfiguration section */

/* Begin XCConfigurationList section */
		DD808E7F2F694B2100F4956A /* Build configuration list for PBXProject "Dozy AI" */ = {
			isa = XCConfigurationList;
			buildConfigurations = (
				DD808EA32F694B2200F4956A /* Debug */,
				DD808EA42F694B2200F4956A /* Release */,
			);
			defaultConfigurationIsVisible = 0;
			defaultConfigurationName = Release;
		};
		DD808EA52F694B2200F4956A /* Build configuration list for PBXNativeTarget "Dozy AI" */ = {
			isa = XCConfigurationList;
			buildConfigurations = (
				DD808EA62F694B2200F4956A /* Debug */,
				DD808EA72F694B2200F4956A /* Release */,
			);
			defaultConfigurationIsVisible = 0;
			defaultConfigurationName = Release;
		};
		DD808EA82F694B2200F4956A /* Build configuration list for PBXNativeTarget "Dozy AITests" */ = {
			isa = XCConfigurationList;
			buildConfigurations = (
				DD808EA92F694B2200F4956A /* Debug */,
				DD808EAA2F694B2200F4956A /* Release */,
			);
			defaultConfigurationIsVisible = 0;
			defaultConfigurationName = Release;
		};
		DD808EAB2F694B2200F4956A /* Build configuration list for PBXNativeTarget "Dozy AIUITests" */ = {
			isa = XCConfigurationList;
			buildConfigurations = (
				DD808EAC2F694B2200F4956A /* Debug */,
				DD808EAD2F694B2200F4956A /* Release */,
			);
			defaultConfigurationIsVisible = 0;
			defaultConfigurationName = Release;
		};
/* End XCConfigurationList section */

/* Begin XCRemoteSwiftPackageReference section */
		F616DCCD2F7A698800FA0476 /* XCRemoteSwiftPackageReference "naveridlogin-sdk-ios" */ = {
			isa = XCRemoteSwiftPackageReference;
			repositoryURL = "https://github.com/naver/naveridlogin-sdk-ios.git";
			requirement = {
				branch = master;
				kind = branch;
			};
		};
		F619D9492F75113C00084C61 /* XCRemoteSwiftPackageReference "GoogleSignIn-iOS" */ = {
			isa = XCRemoteSwiftPackageReference;
			repositoryURL = "https://github.com/google/GoogleSignIn-iOS";
			requirement = {
				kind = upToNextMajorVersion;
				minimumVersion = 9.1.0;
			};
		};
/* End XCRemoteSwiftPackageReference section */

/* Begin XCSwiftPackageProductDependency section */
		F616DCCE2F7A698800FA0476 /* NaverThirdPartyLogin */ = {
			isa = XCSwiftPackageProductDependency;
			package = F616DCCD2F7A698800FA0476 /* XCRemoteSwiftPackageReference "naveridlogin-sdk-ios" */;
			productName = NaverThirdPartyLogin;
		};
		F619D94A2F75113C00084C61 /* GoogleSignIn */ = {
			isa = XCSwiftPackageProductDependency;
			package = F619D9492F75113C00084C61 /* XCRemoteSwiftPackageReference "GoogleSignIn-iOS" */;
			productName = GoogleSignIn;
		};
		F619D94C2F75113C00084C61 /* GoogleSignInSwift */ = {
			isa = XCSwiftPackageProductDependency;
			package = F619D9492F75113C00084C61 /* XCRemoteSwiftPackageReference "GoogleSignIn-iOS" */;
			productName = GoogleSignInSwift;
		};
/* End XCSwiftPackageProductDependency section */
	};
	rootObject = DD808E7C2F694B2100F4956A /* Project object */;
}
